
Microsoft Visual Studio Solution File, Format Version 12.00
# Visual Studio Version 17
VisualStudioVersion = 17.0.31903.59
MinimumVisualStudioVersion = 10.0.40219.1
Project("{2150E333-8FDC-42A3-9474-1A3956D46DE8}") = "android_mobile", "android_mobile", "{AD955F56-C80A-21FD-0471-5136215AFAE5}"
EndProject
Project("{FAE04EC0-301F-11D3-BF4B-00C04F79EFBC}") = "Assembly-CSharp-Editor", "capture-app\android_mobile\Assembly-CSharp-Editor.csproj", "{195D8BD2-EE3C-4CEB-8AF9-6C5A32FD76F3}"
EndProject
Project("{FAE04EC0-301F-11D3-BF4B-00C04F79EFBC}") = "Assembly-CSharp", "capture-app\android_mobile\Assembly-CSharp.csproj", "{2DAFC50D-92C3-45C0-BD23-BE32ACDC75E0}"
EndProject
Project("{FAE04EC0-301F-11D3-BF4B-00C04F79EFBC}") = "ObserveThing", "capture-app\android_mobile\ObserveThing.csproj", "{D1919F66-9635-42C3-96B0-C40FCD995B55}"
EndProject
Project("{FAE04EC0-301F-11D3-BF4B-00C04F79EFBC}") = "ObserveThingTests", "capture-app\android_mobile\ObserveThingTests.csproj", "{D5CB6FE2-380D-48D3-9192-28D475304B0A}"
EndProject
Project("{FAE04EC0-301F-11D3-BF4B-00C04F79EFBC}") = "PlerionClient", "capture-app\android_mobile\PlerionClient.csproj", "{22683DFE-413F-49BA-8CD9-9A2D3FB05E8B}"
EndProject
Project("{FAE04EC0-301F-11D3-BF4B-00C04F79EFBC}") = "ZedClient", "capture-app\android_mobile\ZedClient.csproj", "{66A67C6E-AE13-4EF5-A347-5C9314B40F1E}"
EndProject
Project("{2150E333-8FDC-42A3-9474-1A3956D46DE8}") = "ZedClient", "ZedClient", "{BA9539F3-2300-8C45-DE3E-6D993C5A0877}"
EndProject
Project("{FAE04EC0-301F-11D3-BF4B-00C04F79EFBC}") = "ZedClient", "capture-app\zed\src\clients\unity\src\ZedClient\ZedClient.csproj", "{216D8D82-2EFD-4A40-BAEA-CE5BFBDC1013}"
EndProject
Project("{2150E333-8FDC-42A3-9474-1A3956D46DE8}") = "Outernet.Client", "Outernet.Client", "{EA2DB214-4E7B-2DF6-2EF4-6D0437D79A39}"
EndProject
Project("{FAE04EC0-301F-11D3-BF4B-00C04F79EFBC}") = "Assembly-CSharp-Editor", "client\Outernet.Client\Assembly-CSharp-Editor.csproj", "{E468E358-CCF2-4E7B-97BF-97873468ED5B}"
EndProject
Project("{FAE04EC0-301F-11D3-BF4B-00C04F79EFBC}") = "Assembly-CSharp", "client\Outernet.Client\Assembly-CSharp.csproj", "{4484F8D2-18BC-4B05-B381-01E8D89D5468}"
EndProject
Project("{FAE04EC0-301F-11D3-BF4B-00C04F79EFBC}") = "Initialization", "client\Outernet.Client\Initialization.csproj", "{FE0D72DD-ED98-47F3-9C8E-872176D43085}"
EndProject
Project("{FAE04EC0-301F-11D3-BF4B-00C04F79EFBC}") = "MessagePack.UnityEditor", "client\Outernet.Client\MessagePack.UnityEditor.csproj", "{FED56B01-917B-47FB-A764-B38B230CB824}"
EndProject
Project("{FAE04EC0-301F-11D3-BF4B-00C04F79EFBC}") = "ObserveThing", "client\Outernet.Client\ObserveThing.csproj", "{6778BCDE-014F-4C2C-85FC-CD9140375273}"
EndProject
Project("{FAE04EC0-301F-11D3-BF4B-00C04F79EFBC}") = "ObserveThingTests", "client\Outernet.Client\ObserveThingTests.csproj", "{9C517912-99E2-4E30-8668-889CC878C660}"
EndProject
Project("{FAE04EC0-301F-11D3-BF4B-00C04F79EFBC}") = "Outernet.Shared.Unity", "client\Outernet.Client\Outernet.Shared.Unity.csproj", "{5B5C15C4-CCA0-4547-9CDF-A22FB2782BE3}"
EndProject
Project("{FAE04EC0-301F-11D3-BF4B-00C04F79EFBC}") = "PlerionClient", "client\Outernet.Client\PlerionClient.csproj", "{8750AEF8-8B4C-487A-9176-F5BFEF6209D1}"
EndProject
Project("{FAE04EC0-301F-11D3-BF4B-00C04F79EFBC}") = "Unity.XR.Hands.Samples.VisualizerSample", "client\Outernet.Client\Unity.XR.Hands.Samples.VisualizerSample.csproj", "{2BA01173-935D-47B5-9F96-1A0692EB35F2}"
EndProject
Project("{FAE04EC0-301F-11D3-BF4B-00C04F79EFBC}") = "Unity.XR.Interaction.Toolkit.Samples.Hands", "client\Outernet.Client\Unity.XR.Interaction.Toolkit.Samples.Hands.csproj", "{FE5DB665-F43E-41CD-9344-B9FC26A19D78}"
EndProject
Project("{FAE04EC0-301F-11D3-BF4B-00C04F79EFBC}") = "Unity.XR.Interaction.Toolkit.Samples.Hands.Editor", "client\Outernet.Client\Unity.XR.Interaction.Toolkit.Samples.Hands.Editor.csproj", "{5BC56060-CACF-4FCA-B6EC-CE4E72B1D5B8}"
EndProject
Project("{FAE04EC0-301F-11D3-BF4B-00C04F79EFBC}") = "Unity.XR.Interaction.Toolkit.Samples.StarterAssets", "client\Outernet.Client\Unity.XR.Interaction.Toolkit.Samples.StarterAssets.csproj", "{75F51283-DD36-4BFB-8A6D-4A91554EAB0F}"
EndProject
Project("{FAE04EC0-301F-11D3-BF4B-00C04F79EFBC}") = "Unity.XR.Interaction.Toolkit.Samples.StarterAssets.Editor", "client\Outernet.Client\Unity.XR.Interaction.Toolkit.Samples.StarterAssets.Editor.csproj", "{08D07E13-7F36-4312-8380-E7AC0233B5BF}"
EndProject
Project("{FAE04EC0-301F-11D3-BF4B-00C04F79EFBC}") = "YetAnotherHttpHandler", "client\Outernet.Client\Library\PackageCache\com.cysharp.yetanotherhttphandler@6c4bf063b1ff\YetAnotherHttpHandler.csproj", "{92888E2F-29B6-49D2-96BD-E73616E39A05}"
EndProject
Project("{2150E333-8FDC-42A3-9474-1A3956D46DE8}") = "Outernet.Server", "Outernet.Server", "{2D808D20-7AC6-8D34-C6D8-1B99F6EF2ACE}"
EndProject
Project("{FAE04EC0-301F-11D3-BF4B-00C04F79EFBC}") = "Outernet.Server", "client\Outernet.Server\Outernet.Server.csproj", "{2D652049-DC3D-42DB-8561-26FF9CC70295}"
EndProject
Project("{2150E333-8FDC-42A3-9474-1A3956D46DE8}") = "Outernet.Shared", "Outernet.Shared", "{D75E11C1-AFC8-2A43-F56E-CB61E7CF4752}"
EndProject
Project("{FAE04EC0-301F-11D3-BF4B-00C04F79EFBC}") = "Outernet.Shared", "client\Outernet.Shared\Outernet.Shared.csproj", "{013C1DFD-25F7-40CF-81FF-23043B65DF2B}"
EndProject
Project("{2150E333-8FDC-42A3-9474-1A3956D46DE8}") = "PlerionClient", "PlerionClient", "{FBB718D7-A33F-C54D-DA7F-271FE264C961}"
EndProject
Project("{FAE04EC0-301F-11D3-BF4B-00C04F79EFBC}") = "PlerionClient", "services\api\src\clients\unity\src\PlerionClient\PlerionClient.csproj", "{2E495242-AA70-4E63-9074-17426EB1D16D}"
EndProject
Global
	GlobalSection(SolutionConfigurationPlatforms) = preSolution
		Debug|Any CPU = Debug|Any CPU
		Debug|x64 = Debug|x64
		Debug|x86 = Debug|x86
		Release|Any CPU = Release|Any CPU
		Release|x64 = Release|x64
		Release|x86 = Release|x86
	EndGlobalSection
	GlobalSection(ProjectConfigurationPlatforms) = postSolution
		{195D8BD2-EE3C-4CEB-8AF9-6C5A32FD76F3}.Debug|Any CPU.ActiveCfg = Debug|Any CPU
		{195D8BD2-EE3C-4CEB-8AF9-6C5A32FD76F3}.Debug|Any CPU.Build.0 = Debug|Any CPU
		{195D8BD2-EE3C-4CEB-8AF9-6C5A32FD76F3}.Debug|x64.ActiveCfg = Debug|Any CPU
		{195D8BD2-EE3C-4CEB-8AF9-6C5A32FD76F3}.Debug|x64.Build.0 = Debug|Any CPU
		{195D8BD2-EE3C-4CEB-8AF9-6C5A32FD76F3}.Debug|x86.ActiveCfg = Debug|Any CPU
		{195D8BD2-EE3C-4CEB-8AF9-6C5A32FD76F3}.Debug|x86.Build.0 = Debug|Any CPU
		{195D8BD2-EE3C-4CEB-8AF9-6C5A32FD76F3}.Release|Any CPU.ActiveCfg = Release|Any CPU
		{195D8BD2-EE3C-4CEB-8AF9-6C5A32FD76F3}.Release|Any CPU.Build.0 = Release|Any CPU
		{195D8BD2-EE3C-4CEB-8AF9-6C5A32FD76F3}.Release|x64.ActiveCfg = Release|Any CPU
		{195D8BD2-EE3C-4CEB-8AF9-6C5A32FD76F3}.Release|x64.Build.0 = Release|Any CPU
		{195D8BD2-EE3C-4CEB-8AF9-6C5A32FD76F3}.Release|x86.ActiveCfg = Release|Any CPU
		{195D8BD2-EE3C-4CEB-8AF9-6C5A32FD76F3}.Release|x86.Build.0 = Release|Any CPU
		{2DAFC50D-92C3-45C0-BD23-BE32ACDC75E0}.Debug|Any CPU.ActiveCfg = Debug|Any CPU
		{2DAFC50D-92C3-45C0-BD23-BE32ACDC75E0}.Debug|Any CPU.Build.0 = Debug|Any CPU
		{2DAFC50D-92C3-45C0-BD23-BE32ACDC75E0}.Debug|x64.ActiveCfg = Debug|Any CPU
		{2DAFC50D-92C3-45C0-BD23-BE32ACDC75E0}.Debug|x64.Build.0 = Debug|Any CPU
		{2DAFC50D-92C3-45C0-BD23-BE32ACDC75E0}.Debug|x86.ActiveCfg = Debug|Any CPU
		{2DAFC50D-92C3-45C0-BD23-BE32ACDC75E0}.Debug|x86.Build.0 = Debug|Any CPU
		{2DAFC50D-92C3-45C0-BD23-BE32ACDC75E0}.Release|Any CPU.ActiveCfg = Release|Any CPU
		{2DAFC50D-92C3-45C0-BD23-BE32ACDC75E0}.Release|Any CPU.Build.0 = Release|Any CPU
		{2DAFC50D-92C3-45C0-BD23-BE32ACDC75E0}.Release|x64.ActiveCfg = Release|Any CPU
		{2DAFC50D-92C3-45C0-BD23-BE32ACDC75E0}.Release|x64.Build.0 = Release|Any CPU
		{2DAFC50D-92C3-45C0-BD23-BE32ACDC75E0}.Release|x86.ActiveCfg = Release|Any CPU
		{2DAFC50D-92C3-45C0-BD23-BE32ACDC75E0}.Release|x86.Build.0 = Release|Any CPU
		{D1919F66-9635-42C3-96B0-C40FCD995B55}.Debug|Any CPU.ActiveCfg = Debug|Any CPU
		{D1919F66-9635-42C3-96B0-C40FCD995B55}.Debug|Any CPU.Build.0 = Debug|Any CPU
		{D1919F66-9635-42C3-96B0-C40FCD995B55}.Debug|x64.ActiveCfg = Debug|Any CPU
		{D1919F66-9635-42C3-96B0-C40FCD995B55}.Debug|x64.Build.0 = Debug|Any CPU
		{D1919F66-9635-42C3-96B0-C40FCD995B55}.Debug|x86.ActiveCfg = Debug|Any CPU
		{D1919F66-9635-42C3-96B0-C40FCD995B55}.Debug|x86.Build.0 = Debug|Any CPU
		{D1919F66-9635-42C3-96B0-C40FCD995B55}.Release|Any CPU.ActiveCfg = Release|Any CPU
		{D1919F66-9635-42C3-96B0-C40FCD995B55}.Release|Any CPU.Build.0 = Release|Any CPU
		{D1919F66-9635-42C3-96B0-C40FCD995B55}.Release|x64.ActiveCfg = Release|Any CPU
		{D1919F66-9635-42C3-96B0-C40FCD995B55}.Release|x64.Build.0 = Release|Any CPU
		{D1919F66-9635-42C3-96B0-C40FCD995B55}.Release|x86.ActiveCfg = Release|Any CPU
		{D1919F66-9635-42C3-96B0-C40FCD995B55}.Release|x86.Build.0 = Release|Any CPU
		{D5CB6FE2-380D-48D3-9192-28D475304B0A}.Debug|Any CPU.ActiveCfg = Debug|Any CPU
		{D5CB6FE2-380D-48D3-9192-28D475304B0A}.Debug|Any CPU.Build.0 = Debug|Any CPU
		{D5CB6FE2-380D-48D3-9192-28D475304B0A}.Debug|x64.ActiveCfg = Debug|Any CPU
		{D5CB6FE2-380D-48D3-9192-28D475304B0A}.Debug|x64.Build.0 = Debug|Any CPU
		{D5CB6FE2-380D-48D3-9192-28D475304B0A}.Debug|x86.ActiveCfg = Debug|Any CPU
		{D5CB6FE2-380D-48D3-9192-28D475304B0A}.Debug|x86.Build.0 = Debug|Any CPU
		{D5CB6FE2-380D-48D3-9192-28D475304B0A}.Release|Any CPU.ActiveCfg = Release|Any CPU
		{D5CB6FE2-380D-48D3-9192-28D475304B0A}.Release|Any CPU.Build.0 = Release|Any CPU
		{D5CB6FE2-380D-48D3-9192-28D475304B0A}.Release|x64.ActiveCfg = Release|Any CPU
		{D5CB6FE2-380D-48D3-9192-28D475304B0A}.Release|x64.Build.0 = Release|Any CPU
		{D5CB6FE2-380D-48D3-9192-28D475304B0A}.Release|x86.ActiveCfg = Release|Any CPU
		{D5CB6FE2-380D-48D3-9192-28D475304B0A}.Release|x86.Build.0 = Release|Any CPU
		{22683DFE-413F-49BA-8CD9-9A2D3FB05E8B}.Debug|Any CPU.ActiveCfg = Debug|Any CPU
		{22683DFE-413F-49BA-8CD9-9A2D3FB05E8B}.Debug|Any CPU.Build.0 = Debug|Any CPU
		{22683DFE-413F-49BA-8CD9-9A2D3FB05E8B}.Debug|x64.ActiveCfg = Debug|Any CPU
		{22683DFE-413F-49BA-8CD9-9A2D3FB05E8B}.Debug|x64.Build.0 = Debug|Any CPU
		{22683DFE-413F-49BA-8CD9-9A2D3FB05E8B}.Debug|x86.ActiveCfg = Debug|Any CPU
		{22683DFE-413F-49BA-8CD9-9A2D3FB05E8B}.Debug|x86.Build.0 = Debug|Any CPU
		{22683DFE-413F-49BA-8CD9-9A2D3FB05E8B}.Release|Any CPU.ActiveCfg = Release|Any CPU
		{22683DFE-413F-49BA-8CD9-9A2D3FB05E8B}.Release|Any CPU.Build.0 = Release|Any CPU
		{22683DFE-413F-49BA-8CD9-9A2D3FB05E8B}.Release|x64.ActiveCfg = Release|Any CPU
		{22683DFE-413F-49BA-8CD9-9A2D3FB05E8B}.Release|x64.Build.0 = Release|Any CPU
		{22683DFE-413F-49BA-8CD9-9A2D3FB05E8B}.Release|x86.ActiveCfg = Release|Any CPU
		{22683DFE-413F-49BA-8CD9-9A2D3FB05E8B}.Release|x86.Build.0 = Release|Any CPU
		{66A67C6E-AE13-4EF5-A347-5C9314B40F1E}.Debug|Any CPU.ActiveCfg = Debug|Any CPU
		{66A67C6E-AE13-4EF5-A347-5C9314B40F1E}.Debug|Any CPU.Build.0 = Debug|Any CPU
		{66A67C6E-AE13-4EF5-A347-5C9314B40F1E}.Debug|x64.ActiveCfg = Debug|Any CPU
		{66A67C6E-AE13-4EF5-A347-5C9314B40F1E}.Debug|x64.Build.0 = Debug|Any CPU
		{66A67C6E-AE13-4EF5-A347-5C9314B40F1E}.Debug|x86.ActiveCfg = Debug|Any CPU
		{66A67C6E-AE13-4EF5-A347-5C9314B40F1E}.Debug|x86.Build.0 = Debug|Any CPU
		{66A67C6E-AE13-4EF5-A347-5C9314B40F1E}.Release|Any CPU.ActiveCfg = Release|Any CPU
		{66A67C6E-AE13-4EF5-A347-5C9314B40F1E}.Release|Any CPU.Build.0 = Release|Any CPU
		{66A67C6E-AE13-4EF5-A347-5C9314B40F1E}.Release|x64.ActiveCfg = Release|Any CPU
		{66A67C6E-AE13-4EF5-A347-5C9314B40F1E}.Release|x64.Build.0 = Release|Any CPU
		{66A67C6E-AE13-4EF5-A347-5C9314B40F1E}.Release|x86.ActiveCfg = Release|Any CPU
		{66A67C6E-AE13-4EF5-A347-5C9314B40F1E}.Release|x86.Build.0 = Release|Any CPU
		{216D8D82-2EFD-4A40-BAEA-CE5BFBDC1013}.Debug|Any CPU.ActiveCfg = Debug|Any CPU
		{216D8D82-2EFD-4A40-BAEA-CE5BFBDC1013}.Debug|Any CPU.Build.0 = Debug|Any CPU
		{216D8D82-2EFD-4A40-BAEA-CE5BFBDC1013}.Debug|x64.ActiveCfg = Debug|Any CPU
		{216D8D82-2EFD-4A40-BAEA-CE5BFBDC1013}.Debug|x64.Build.0 = Debug|Any CPU
		{216D8D82-2EFD-4A40-BAEA-CE5BFBDC1013}.Debug|x86.ActiveCfg = Debug|Any CPU
		{216D8D82-2EFD-4A40-BAEA-CE5BFBDC1013}.Debug|x86.Build.0 = Debug|Any CPU
		{216D8D82-2EFD-4A40-BAEA-CE5BFBDC1013}.Release|Any CPU.ActiveCfg = Release|Any CPU
		{216D8D82-2EFD-4A40-BAEA-CE5BFBDC1013}.Release|Any CPU.Build.0 = Release|Any CPU
		{216D8D82-2EFD-4A40-BAEA-CE5BFBDC1013}.Release|x64.ActiveCfg = Release|Any CPU
		{216D8D82-2EFD-4A40-BAEA-CE5BFBDC1013}.Release|x64.Build.0 = Release|Any CPU
		{216D8D82-2EFD-4A40-BAEA-CE5BFBDC1013}.Release|x86.ActiveCfg = Release|Any CPU
		{216D8D82-2EFD-4A40-BAEA-CE5BFBDC1013}.Release|x86.Build.0 = Release|Any CPU
		{E468E358-CCF2-4E7B-97BF-97873468ED5B}.Debug|Any CPU.ActiveCfg = Debug|Any CPU
		{E468E358-CCF2-4E7B-97BF-97873468ED5B}.Debug|Any CPU.Build.0 = Debug|Any CPU
		{E468E358-CCF2-4E7B-97BF-97873468ED5B}.Debug|x64.ActiveCfg = Debug|Any CPU
		{E468E358-CCF2-4E7B-97BF-97873468ED5B}.Debug|x64.Build.0 = Debug|Any CPU
		{E468E358-CCF2-4E7B-97BF-97873468ED5B}.Debug|x86.ActiveCfg = Debug|Any CPU
		{E468E358-CCF2-4E7B-97BF-97873468ED5B}.Debug|x86.Build.0 = Debug|Any CPU
		{E468E358-CCF2-4E7B-97BF-97873468ED5B}.Release|Any CPU.ActiveCfg = Release|Any CPU
		{E468E358-CCF2-4E7B-97BF-97873468ED5B}.Release|Any CPU.Build.0 = Release|Any CPU
		{E468E358-CCF2-4E7B-97BF-97873468ED5B}.Release|x64.ActiveCfg = Release|Any CPU
		{E468E358-CCF2-4E7B-97BF-97873468ED5B}.Release|x64.Build.0 = Release|Any CPU
		{E468E358-CCF2-4E7B-97BF-97873468ED5B}.Release|x86.ActiveCfg = Release|Any CPU
		{E468E358-CCF2-4E7B-97BF-97873468ED5B}.Release|x86.Build.0 = Release|Any CPU
		{4484F8D2-18BC-4B05-B381-01E8D89D5468}.Debug|Any CPU.ActiveCfg = Debug|Any CPU
		{4484F8D2-18BC-4B05-B381-01E8D89D5468}.Debug|Any CPU.Build.0 = Debug|Any CPU
		{4484F8D2-18BC-4B05-B381-01E8D89D5468}.Debug|x64.ActiveCfg = Debug|Any CPU
		{4484F8D2-18BC-4B05-B381-01E8D89D5468}.Debug|x64.Build.0 = Debug|Any CPU
		{4484F8D2-18BC-4B05-B381-01E8D89D5468}.Debug|x86.ActiveCfg = Debug|Any CPU
		{4484F8D2-18BC-4B05-B381-01E8D89D5468}.Debug|x86.Build.0 = Debug|Any CPU
		{4484F8D2-18BC-4B05-B381-01E8D89D5468}.Release|Any CPU.ActiveCfg = Release|Any CPU
		{4484F8D2-18BC-4B05-B381-01E8D89D5468}.Release|Any CPU.Build.0 = Release|Any CPU
		{4484F8D2-18BC-4B05-B381-01E8D89D5468}.Release|x64.ActiveCfg = Release|Any CPU
		{4484F8D2-18BC-4B05-B381-01E8D89D5468}.Release|x64.Build.0 = Release|Any CPU
		{4484F8D2-18BC-4B05-B381-01E8D89D5468}.Release|x86.ActiveCfg = Release|Any CPU
		{4484F8D2-18BC-4B05-B381-01E8D89D5468}.Release|x86.Build.0 = Release|Any CPU
		{FE0D72DD-ED98-47F3-9C8E-872176D43085}.Debug|Any CPU.ActiveCfg = Debug|Any CPU
		{FE0D72DD-ED98-47F3-9C8E-872176D43085}.Debug|Any CPU.Build.0 = Debug|Any CPU
		{FE0D72DD-ED98-47F3-9C8E-872176D43085}.Debug|x64.ActiveCfg = Debug|Any CPU
		{FE0D72DD-ED98-47F3-9C8E-872176D43085}.Debug|x64.Build.0 = Debug|Any CPU
		{FE0D72DD-ED98-47F3-9C8E-872176D43085}.Debug|x86.ActiveCfg = Debug|Any CPU
		{FE0D72DD-ED98-47F3-9C8E-872176D43085}.Debug|x86.Build.0 = Debug|Any CPU
		{FE0D72DD-ED98-47F3-9C8E-872176D43085}.Release|Any CPU.ActiveCfg = Release|Any CPU
		{FE0D72DD-ED98-47F3-9C8E-872176D43085}.Release|Any CPU.Build.0 = Release|Any CPU
		{FE0D72DD-ED98-47F3-9C8E-872176D43085}.Release|x64.ActiveCfg = Release|Any CPU
		{FE0D72DD-ED98-47F3-9C8E-872176D43085}.Release|x64.Build.0 = Release|Any CPU
		{FE0D72DD-ED98-47F3-9C8E-872176D43085}.Release|x86.ActiveCfg = Release|Any CPU
		{FE0D72DD-ED98-47F3-9C8E-872176D43085}.Release|x86.Build.0 = Release|Any CPU
		{FED56B01-917B-47FB-A764-B38B230CB824}.Debug|Any CPU.ActiveCfg = Debug|Any CPU
		{FED56B01-917B-47FB-A764-B38B230CB824}.Debug|Any CPU.Build.0 = Debug|Any CPU
		{FED56B01-917B-47FB-A764-B38B230CB824}.Debug|x64.ActiveCfg = Debug|Any CPU
		{FED56B01-917B-47FB-A764-B38B230CB824}.Debug|x64.Build.0 = Debug|Any CPU
		{FED56B01-917B-47FB-A764-B38B230CB824}.Debug|x86.ActiveCfg = Debug|Any CPU
		{FED56B01-917B-47FB-A764-B38B230CB824}.Debug|x86.Build.0 = Debug|Any CPU
		{FED56B01-917B-47FB-A764-B38B230CB824}.Release|Any CPU.ActiveCfg = Release|Any CPU
		{FED56B01-917B-47FB-A764-B38B230CB824}.Release|Any CPU.Build.0 = Release|Any CPU
		{FED56B01-917B-47FB-A764-B38B230CB824}.Release|x64.ActiveCfg = Release|Any CPU
		{FED56B01-917B-47FB-A764-B38B230CB824}.Release|x64.Build.0 = Release|Any CPU
		{FED56B01-917B-47FB-A764-B38B230CB824}.Release|x86.ActiveCfg = Release|Any CPU
		{FED56B01-917B-47FB-A764-B38B230CB824}.Release|x86.Build.0 = Release|Any CPU
		{6778BCDE-014F-4C2C-85FC-CD9140375273}.Debug|Any CPU.ActiveCfg = Debug|Any CPU
		{6778BCDE-014F-4C2C-85FC-CD9140375273}.Debug|Any CPU.Build.0 = Debug|Any CPU
		{6778BCDE-014F-4C2C-85FC-CD9140375273}.Debug|x64.ActiveCfg = Debug|Any CPU
		{6778BCDE-014F-4C2C-85FC-CD9140375273}.Debug|x64.Build.0 = Debug|Any CPU
		{6778BCDE-014F-4C2C-85FC-CD9140375273}.Debug|x86.ActiveCfg = Debug|Any CPU
		{6778BCDE-014F-4C2C-85FC-CD9140375273}.Debug|x86.Build.0 = Debug|Any CPU
		{6778BCDE-014F-4C2C-85FC-CD9140375273}.Release|Any CPU.ActiveCfg = Release|Any CPU
		{6778BCDE-014F-4C2C-85FC-CD9140375273}.Release|Any CPU.Build.0 = Release|Any CPU
		{6778BCDE-014F-4C2C-85FC-CD9140375273}.Release|x64.ActiveCfg = Release|Any CPU
		{6778BCDE-014F-4C2C-85FC-CD9140375273}.Release|x64.Build.0 = Release|Any CPU
		{6778BCDE-014F-4C2C-85FC-CD9140375273}.Release|x86.ActiveCfg = Release|Any CPU
		{6778BCDE-014F-4C2C-85FC-CD9140375273}.Release|x86.Build.0 = Release|Any CPU
		{9C517912-99E2-4E30-8668-889CC878C660}.Debug|Any CPU.ActiveCfg = Debug|Any CPU
		{9C517912-99E2-4E30-8668-889CC878C660}.Debug|Any CPU.Build.0 = Debug|Any CPU
		{9C517912-99E2-4E30-8668-889CC878C660}.Debug|x64.ActiveCfg = Debug|Any CPU
		{9C517912-99E2-4E30-8668-889CC878C660}.Debug|x64.Build.0 = Debug|Any CPU
		{9C517912-99E2-4E30-8668-889CC878C660}.Debug|x86.ActiveCfg = Debug|Any CPU
		{9C517912-99E2-4E30-8668-889CC878C660}.Debug|x86.Build.0 = Debug|Any CPU
		{9C517912-99E2-4E30-8668-889CC878C660}.Release|Any CPU.ActiveCfg = Release|Any CPU
		{9C517912-99E2-4E30-8668-889CC878C660}.Release|Any CPU.Build.0 = Release|Any CPU
		{9C517912-99E2-4E30-8668-889CC878C660}.Release|x64.ActiveCfg = Release|Any CPU
		{9C517912-99E2-4E30-8668-889CC878C660}.Release|x64.Build.0 = Release|Any CPU
		{9C517912-99E2-4E30-8668-889CC878C660}.Release|x86.ActiveCfg = Release|Any CPU
		{9C517912-99E2-4E30-8668-889CC878C660}.Release|x86.Build.0 = Release|Any CPU
		{5B5C15C4-CCA0-4547-9CDF-A22FB2782BE3}.Debug|Any CPU.ActiveCfg = Debug|Any CPU
		{5B5C15C4-CCA0-4547-9CDF-A22FB2782BE3}.Debug|Any CPU.Build.0 = Debug|Any CPU
		{5B5C15C4-CCA0-4547-9CDF-A22FB2782BE3}.Debug|x64.ActiveCfg = Debug|Any CPU
		{5B5C15C4-CCA0-4547-9CDF-A22FB2782BE3}.Debug|x64.Build.0 = Debug|Any CPU
		{5B5C15C4-CCA0-4547-9CDF-A22FB2782BE3}.Debug|x86.ActiveCfg = Debug|Any CPU
		{5B5C15C4-CCA0-4547-9CDF-A22FB2782BE3}.Debug|x86.Build.0 = Debug|Any CPU
		{5B5C15C4-CCA0-4547-9CDF-A22FB2782BE3}.Release|Any CPU.ActiveCfg = Release|Any CPU
		{5B5C15C4-CCA0-4547-9CDF-A22FB2782BE3}.Release|Any CPU.Build.0 = Release|Any CPU
		{5B5C15C4-CCA0-4547-9CDF-A22FB2782BE3}.Release|x64.ActiveCfg = Release|Any CPU
		{5B5C15C4-CCA0-4547-9CDF-A22FB2782BE3}.Release|x64.Build.0 = Release|Any CPU
		{5B5C15C4-CCA0-4547-9CDF-A22FB2782BE3}.Release|x86.ActiveCfg = Release|Any CPU
		{5B5C15C4-CCA0-4547-9CDF-A22FB2782BE3}.Release|x86.Build.0 = Release|Any CPU
		{8750AEF8-8B4C-487A-9176-F5BFEF6209D1}.Debug|Any CPU.ActiveCfg = Debug|Any CPU
		{8750AEF8-8B4C-487A-9176-F5BFEF6209D1}.Debug|Any CPU.Build.0 = Debug|Any CPU
		{8750AEF8-8B4C-487A-9176-F5BFEF6209D1}.Debug|x64.ActiveCfg = Debug|Any CPU
		{8750AEF8-8B4C-487A-9176-F5BFEF6209D1}.Debug|x64.Build.0 = Debug|Any CPU
		{8750AEF8-8B4C-487A-9176-F5BFEF6209D1}.Debug|x86.ActiveCfg = Debug|Any CPU
		{8750AEF8-8B4C-487A-9176-F5BFEF6209D1}.Debug|x86.Build.0 = Debug|Any CPU
		{8750AEF8-8B4C-487A-9176-F5BFEF6209D1}.Release|Any CPU.ActiveCfg = Release|Any CPU
		{8750AEF8-8B4C-487A-9176-F5BFEF6209D1}.Release|Any CPU.Build.0 = Release|Any CPU
		{8750AEF8-8B4C-487A-9176-F5BFEF6209D1}.Release|x64.ActiveCfg = Release|Any CPU
		{8750AEF8-8B4C-487A-9176-F5BFEF6209D1}.Release|x64.Build.0 = Release|Any CPU
		{8750AEF8-8B4C-487A-9176-F5BFEF6209D1}.Release|x86.ActiveCfg = Release|Any CPU
		{8750AEF8-8B4C-487A-9176-F5BFEF6209D1}.Release|x86.Build.0 = Release|Any CPU
		{2BA01173-935D-47B5-9F96-1A0692EB35F2}.Debug|Any CPU.ActiveCfg = Debug|Any CPU
		{2BA01173-935D-47B5-9F96-1A0692EB35F2}.Debug|Any CPU.Build.0 = Debug|Any CPU
		{2BA01173-935D-47B5-9F96-1A0692EB35F2}.Debug|x64.ActiveCfg = Debug|Any CPU
		{2BA01173-935D-47B5-9F96-1A0692EB35F2}.Debug|x64.Build.0 = Debug|Any CPU
		{2BA01173-935D-47B5-9F96-1A0692EB35F2}.Debug|x86.ActiveCfg = Debug|Any CPU
		{2BA01173-935D-47B5-9F96-1A0692EB35F2}.Debug|x86.Build.0 = Debug|Any CPU
		{2BA01173-935D-47B5-9F96-1A0692EB35F2}.Release|Any CPU.ActiveCfg = Release|Any CPU
		{2BA01173-935D-47B5-9F96-1A0692EB35F2}.Release|Any CPU.Build.0 = Release|Any CPU
		{2BA01173-935D-47B5-9F96-1A0692EB35F2}.Release|x64.ActiveCfg = Release|Any CPU
		{2BA01173-935D-47B5-9F96-1A0692EB35F2}.Release|x64.Build.0 = Release|Any CPU
		{2BA01173-935D-47B5-9F96-1A0692EB35F2}.Release|x86.ActiveCfg = Release|Any CPU
		{2BA01173-935D-47B5-9F96-1A0692EB35F2}.Release|x86.Build.0 = Release|Any CPU
		{FE5DB665-F43E-41CD-9344-B9FC26A19D78}.Debug|Any CPU.ActiveCfg = Debug|Any CPU
		{FE5DB665-F43E-41CD-9344-B9FC26A19D78}.Debug|Any CPU.Build.0 = Debug|Any CPU
		{FE5DB665-F43E-41CD-9344-B9FC26A19D78}.Debug|x64.ActiveCfg = Debug|Any CPU
		{FE5DB665-F43E-41CD-9344-B9FC26A19D78}.Debug|x64.Build.0 = Debug|Any CPU
		{FE5DB665-F43E-41CD-9344-B9FC26A19D78}.Debug|x86.ActiveCfg = Debug|Any CPU
		{FE5DB665-F43E-41CD-9344-B9FC26A19D78}.Debug|x86.Build.0 = Debug|Any CPU
		{FE5DB665-F43E-41CD-9344-B9FC26A19D78}.Release|Any CPU.ActiveCfg = Release|Any CPU
		{FE5DB665-F43E-41CD-9344-B9FC26A19D78}.Release|Any CPU.Build.0 = Release|Any CPU
		{FE5DB665-F43E-41CD-9344-B9FC26A19D78}.Release|x64.ActiveCfg = Release|Any CPU
		{FE5DB665-F43E-41CD-9344-B9FC26A19D78}.Release|x64.Build.0 = Release|Any CPU
		{FE5DB665-F43E-41CD-9344-B9FC26A19D78}.Release|x86.ActiveCfg = Release|Any CPU
		{FE5DB665-F43E-41CD-9344-B9FC26A19D78}.Release|x86.Build.0 = Release|Any CPU
		{5BC56060-CACF-4FCA-B6EC-CE4E72B1D5B8}.Debug|Any CPU.ActiveCfg = Debug|Any CPU
		{5BC56060-CACF-4FCA-B6EC-CE4E72B1D5B8}.Debug|Any CPU.Build.0 = Debug|Any CPU
		{5BC56060-CACF-4FCA-B6EC-CE4E72B1D5B8}.Debug|x64.ActiveCfg = Debug|Any CPU
		{5BC56060-CACF-4FCA-B6EC-CE4E72B1D5B8}.Debug|x64.Build.0 = Debug|Any CPU
		{5BC56060-CACF-4FCA-B6EC-CE4E72B1D5B8}.Debug|x86.ActiveCfg = Debug|Any CPU
		{5BC56060-CACF-4FCA-B6EC-CE4E72B1D5B8}.Debug|x86.Build.0 = Debug|Any CPU
		{5BC56060-CACF-4FCA-B6EC-CE4E72B1D5B8}.Release|Any CPU.ActiveCfg = Release|Any CPU
		{5BC56060-CACF-4FCA-B6EC-CE4E72B1D5B8}.Release|Any CPU.Build.0 = Release|Any CPU
		{5BC56060-CACF-4FCA-B6EC-CE4E72B1D5B8}.Release|x64.ActiveCfg = Release|Any CPU
		{5BC56060-CACF-4FCA-B6EC-CE4E72B1D5B8}.Release|x64.Build.0 = Release|Any CPU
		{5BC56060-CACF-4FCA-B6EC-CE4E72B1D5B8}.Release|x86.ActiveCfg = Release|Any CPU
		{5BC56060-CACF-4FCA-B6EC-CE4E72B1D5B8}.Release|x86.Build.0 = Release|Any CPU
		{75F51283-DD36-4BFB-8A6D-4A91554EAB0F}.Debug|Any CPU.ActiveCfg = Debug|Any CPU
		{75F51283-DD36-4BFB-8A6D-4A91554EAB0F}.Debug|Any CPU.Build.0 = Debug|Any CPU
		{75F51283-DD36-4BFB-8A6D-4A91554EAB0F}.Debug|x64.ActiveCfg = Debug|Any CPU
		{75F51283-DD36-4BFB-8A6D-4A91554EAB0F}.Debug|x64.Build.0 = Debug|Any CPU
		{75F51283-DD36-4BFB-8A6D-4A91554EAB0F}.Debug|x86.ActiveCfg = Debug|Any CPU
		{75F51283-DD36-4BFB-8A6D-4A91554EAB0F}.Debug|x86.Build.0 = Debug|Any CPU
		{75F51283-DD36-4BFB-8A6D-4A91554EAB0F}.Release|Any CPU.ActiveCfg = Release|Any CPU
		{75F51283-DD36-4BFB-8A6D-4A91554EAB0F}.Release|Any CPU.Build.0 = Release|Any CPU
		{75F51283-DD36-4BFB-8A6D-4A91554EAB0F}.Release|x64.ActiveCfg = Release|Any CPU
		{75F51283-DD36-4BFB-8A6D-4A91554EAB0F}.Release|x64.Build.0 = Release|Any CPU
		{75F51283-DD36-4BFB-8A6D-4A91554EAB0F}.Release|x86.ActiveCfg = Release|Any CPU
		{75F51283-DD36-4BFB-8A6D-4A91554EAB0F}.Release|x86.Build.0 = Release|Any CPU
		{08D07E13-7F36-4312-8380-E7AC0233B5BF}.Debug|Any CPU.ActiveCfg = Debug|Any CPU
		{08D07E13-7F36-4312-8380-E7AC0233B5BF}.Debug|Any CPU.Build.0 = Debug|Any CPU
		{08D07E13-7F36-4312-8380-E7AC0233B5BF}.Debug|x64.ActiveCfg = Debug|Any CPU
		{08D07E13-7F36-4312-8380-E7AC0233B5BF}.Debug|x64.Build.0 = Debug|Any CPU
		{08D07E13-7F36-4312-8380-E7AC0233B5BF}.Debug|x86.ActiveCfg = Debug|Any CPU
		{08D07E13-7F36-4312-8380-E7AC0233B5BF}.Debug|x86.Build.0 = Debug|Any CPU
		{08D07E13-7F36-4312-8380-E7AC0233B5BF}.Release|Any CPU.ActiveCfg = Release|Any CPU
		{08D07E13-7F36-4312-8380-E7AC0233B5BF}.Release|Any CPU.Build.0 = Release|Any CPU
		{08D07E13-7F36-4312-8380-E7AC0233B5BF}.Release|x64.ActiveCfg = Release|Any CPU
		{08D07E13-7F36-4312-8380-E7AC0233B5BF}.Release|x64.Build.0 = Release|Any CPU
		{08D07E13-7F36-4312-8380-E7AC0233B5BF}.Release|x86.ActiveCfg = Release|Any CPU
		{08D07E13-7F36-4312-8380-E7AC0233B5BF}.Release|x86.Build.0 = Release|Any CPU
		{92888E2F-29B6-49D2-96BD-E73616E39A05}.Debug|Any CPU.ActiveCfg = Debug|Any CPU
		{92888E2F-29B6-49D2-96BD-E73616E39A05}.Debug|Any CPU.Build.0 = Debug|Any CPU
		{92888E2F-29B6-49D2-96BD-E73616E39A05}.Debug|x64.ActiveCfg = Debug|Any CPU
		{92888E2F-29B6-49D2-96BD-E73616E39A05}.Debug|x64.Build.0 = Debug|Any CPU
		{92888E2F-29B6-49D2-96BD-E73616E39A05}.Debug|x86.ActiveCfg = Debug|Any CPU
		{92888E2F-29B6-49D2-96BD-E73616E39A05}.Debug|x86.Build.0 = Debug|Any CPU
		{92888E2F-29B6-49D2-96BD-E73616E39A05}.Release|Any CPU.ActiveCfg = Release|Any CPU
		{92888E2F-29B6-49D2-96BD-E73616E39A05}.Release|Any CPU.Build.0 = Release|Any CPU
		{92888E2F-29B6-49D2-96BD-E73616E39A05}.Release|x64.ActiveCfg = Release|Any CPU
		{92888E2F-29B6-49D2-96BD-E73616E39A05}.Release|x64.Build.0 = Release|Any CPU
		{92888E2F-29B6-49D2-96BD-E73616E39A05}.Release|x86.ActiveCfg = Release|Any CPU
		{92888E2F-29B6-49D2-96BD-E73616E39A05}.Release|x86.Build.0 = Release|Any CPU
		{2D652049-DC3D-42DB-8561-26FF9CC70295}.Debug|Any CPU.ActiveCfg = Debug|Any CPU
		{2D652049-DC3D-42DB-8561-26FF9CC70295}.Debug|Any CPU.Build.0 = Debug|Any CPU
		{2D652049-DC3D-42DB-8561-26FF9CC70295}.Debug|x64.ActiveCfg = Debug|Any CPU
		{2D652049-DC3D-42DB-8561-26FF9CC70295}.Debug|x64.Build.0 = Debug|Any CPU
		{2D652049-DC3D-42DB-8561-26FF9CC70295}.Debug|x86.ActiveCfg = Debug|Any CPU
		{2D652049-DC3D-42DB-8561-26FF9CC70295}.Debug|x86.Build.0 = Debug|Any CPU
		{2D652049-DC3D-42DB-8561-26FF9CC70295}.Release|Any CPU.ActiveCfg = Release|Any CPU
		{2D652049-DC3D-42DB-8561-26FF9CC70295}.Release|Any CPU.Build.0 = Release|Any CPU
		{2D652049-DC3D-42DB-8561-26FF9CC70295}.Release|x64.ActiveCfg = Release|Any CPU
		{2D652049-DC3D-42DB-8561-26FF9CC70295}.Release|x64.Build.0 = Release|Any CPU
		{2D652049-DC3D-42DB-8561-26FF9CC70295}.Release|x86.ActiveCfg = Release|Any CPU
		{2D652049-DC3D-42DB-8561-26FF9CC70295}.Release|x86.Build.0 = Release|Any CPU
		{013C1DFD-25F7-40CF-81FF-23043B65DF2B}.Debug|Any CPU.ActiveCfg = Debug|Any CPU
		{013C1DFD-25F7-40CF-81FF-23043B65DF2B}.Debug|Any CPU.Build.0 = Debug|Any CPU
		{013C1DFD-25F7-40CF-81FF-23043B65DF2B}.Debug|x64.ActiveCfg = Debug|Any CPU
		{013C1DFD-25F7-40CF-81FF-23043B65DF2B}.Debug|x64.Build.0 = Debug|Any CPU
		{013C1DFD-25F7-40CF-81FF-23043B65DF2B}.Debug|x86.ActiveCfg = Debug|Any CPU
		{013C1DFD-25F7-40CF-81FF-23043B65DF2B}.Debug|x86.Build.0 = Debug|Any CPU
		{013C1DFD-25F7-40CF-81FF-23043B65DF2B}.Release|Any CPU.ActiveCfg = Release|Any CPU
		{013C1DFD-25F7-40CF-81FF-23043B65DF2B}.Release|Any CPU.Build.0 = Release|Any CPU
		{013C1DFD-25F7-40CF-81FF-23043B65DF2B}.Release|x64.ActiveCfg = Release|Any CPU
		{013C1DFD-25F7-40CF-81FF-23043B65DF2B}.Release|x64.Build.0 = Release|Any CPU
		{013C1DFD-25F7-40CF-81FF-23043B65DF2B}.Release|x86.ActiveCfg = Release|Any CPU
		{013C1DFD-25F7-40CF-81FF-23043B65DF2B}.Release|x86.Build.0 = Release|Any CPU
		{2E495242-AA70-4E63-9074-17426EB1D16D}.Debug|Any CPU.ActiveCfg = Debug|Any CPU
		{2E495242-AA70-4E63-9074-17426EB1D16D}.Debug|Any CPU.Build.0 = Debug|Any CPU
		{2E495242-AA70-4E63-9074-17426EB1D16D}.Debug|x64.ActiveCfg = Debug|Any CPU
		{2E495242-AA70-4E63-9074-17426EB1D16D}.Debug|x64.Build.0 = Debug|Any CPU
		{2E495242-AA70-4E63-9074-17426EB1D16D}.Debug|x86.ActiveCfg = Debug|Any CPU
		{2E495242-AA70-4E63-9074-17426EB1D16D}.Debug|x86.Build.0 = Debug|Any CPU
		{2E495242-AA70-4E63-9074-17426EB1D16D}.Release|Any CPU.ActiveCfg = Release|Any CPU
		{2E495242-AA70-4E63-9074-17426EB1D16D}.Release|Any CPU.Build.0 = Release|Any CPU
		{2E495242-AA70-4E63-9074-17426EB1D16D}.Release|x64.ActiveCfg = Release|Any CPU
		{2E495242-AA70-4E63-9074-17426EB1D16D}.Release|x64.Build.0 = Release|Any CPU
		{2E495242-AA70-4E63-9074-17426EB1D16D}.Release|x86.ActiveCfg = Release|Any CPU
		{2E495242-AA70-4E63-9074-17426EB1D16D}.Release|x86.Build.0 = Release|Any CPU
	EndGlobalSection
	GlobalSection(SolutionProperties) = preSolution
		HideSolutionNode = FALSE
	EndGlobalSection
	GlobalSection(NestedProjects) = preSolution
		{195D8BD2-EE3C-4CEB-8AF9-6C5A32FD76F3} = {AD955F56-C80A-21FD-0471-5136215AFAE5}
		{2DAFC50D-92C3-45C0-BD23-BE32ACDC75E0} = {AD955F56-C80A-21FD-0471-5136215AFAE5}
		{D1919F66-9635-42C3-96B0-C40FCD995B55} = {AD955F56-C80A-21FD-0471-5136215AFAE5}
		{D5CB6FE2-380D-48D3-9192-28D475304B0A} = {AD955F56-C80A-21FD-0471-5136215AFAE5}
		{22683DFE-413F-49BA-8CD9-9A2D3FB05E8B} = {AD955F56-C80A-21FD-0471-5136215AFAE5}
		{66A67C6E-AE13-4EF5-A347-5C9314B40F1E} = {AD955F56-C80A-21FD-0471-5136215AFAE5}
		{216D8D82-2EFD-4A40-BAEA-CE5BFBDC1013} = {BA9539F3-2300-8C45-DE3E-6D993C5A0877}
		{E468E358-CCF2-4E7B-97BF-97873468ED5B} = {EA2DB214-4E7B-2DF6-2EF4-6D0437D79A39}
		{4484F8D2-18BC-4B05-B381-01E8D89D5468} = {EA2DB214-4E7B-2DF6-2EF4-6D0437D79A39}
		{FE0D72DD-ED98-47F3-9C8E-872176D43085} = {EA2DB214-4E7B-2DF6-2EF4-6D0437D79A39}
		{FED56B01-917B-47FB-A764-B38B230CB824} = {EA2DB214-4E7B-2DF6-2EF4-6D0437D79A39}
		{6778BCDE-014F-4C2C-85FC-CD9140375273} = {EA2DB214-4E7B-2DF6-2EF4-6D0437D79A39}
		{9C517912-99E2-4E30-8668-889CC878C660} = {EA2DB214-4E7B-2DF6-2EF4-6D0437D79A39}
		{5B5C15C4-CCA0-4547-9CDF-A22FB2782BE3} = {EA2DB214-4E7B-2DF6-2EF4-6D0437D79A39}
		{8750AEF8-8B4C-487A-9176-F5BFEF6209D1} = {EA2DB214-4E7B-2DF6-2EF4-6D0437D79A39}
		{2BA01173-935D-47B5-9F96-1A0692EB35F2} = {EA2DB214-4E7B-2DF6-2EF4-6D0437D79A39}
		{FE5DB665-F43E-41CD-9344-B9FC26A19D78} = {EA2DB214-4E7B-2DF6-2EF4-6D0437D79A39}
		{5BC56060-CACF-4FCA-B6EC-CE4E72B1D5B8} = {EA2DB214-4E7B-2DF6-2EF4-6D0437D79A39}
		{75F51283-DD36-4BFB-8A6D-4A91554EAB0F} = {EA2DB214-4E7B-2DF6-2EF4-6D0437D79A39}
		{08D07E13-7F36-4312-8380-E7AC0233B5BF} = {EA2DB214-4E7B-2DF6-2EF4-6D0437D79A39}
		{92888E2F-29B6-49D2-96BD-E73616E39A05} = {EA2DB214-4E7B-2DF6-2EF4-6D0437D79A39}
		{2D652049-DC3D-42DB-8561-26FF9CC70295} = {2D808D20-7AC6-8D34-C6D8-1B99F6EF2ACE}
		{013C1DFD-25F7-40CF-81FF-23043B65DF2B} = {D75E11C1-AFC8-2A43-F56E-CB61E7CF4752}
		{2E495242-AA70-4E63-9074-17426EB1D16D} = {FBB718D7-A33F-C54D-DA7F-271FE264C961}
	EndGlobalSection
EndGlobal
