version = 1
revision = 2
requires-python = ">=3.13"

[[package]]
name = "arpeggio"
version = "2.0.2"
source = { registry = "https://pypi.org/simple" }
sdist = { url = "https://files.pythonhosted.org/packages/12/c4/516bb54456f85ad1947702ea4cef543a59de66d31a9887dbc3d9df36e3e1/Arpeggio-2.0.2.tar.gz", hash = "sha256:c790b2b06e226d2dd468e4fbfb5b7f506cec66416031fde1441cf1de2a0ba700", size = 766643, upload-time = "2023-07-09T12:30:04.737Z" }
wheels = [
    { url = "https://files.pythonhosted.org/packages/f7/4f/d28bf30a19d4649b40b501d531b44e73afada99044df100380fd9567e92f/Arpeggio-2.0.2-py2.py3-none-any.whl", hash = "sha256:f7c8ae4f4056a89e020c24c7202ac8df3e2bc84e416746f20b0da35bb1de0250", size = 55287, upload-time = "2023-07-09T12:30:01.87Z" },
]

[[package]]
name = "attrs"
version = "25.3.0"
source = { registry = "https://pypi.org/simple" }
sdist = { url = "https://files.pythonhosted.org/packages/5a/b0/1367933a8532ee6ff8d63537de4f1177af4bff9f3e829baf7331f595bb24/attrs-25.3.0.tar.gz", hash = "sha256:75d7cefc7fb576747b2c81b4442d4d4a1ce0900973527c011d1030fd3bf4af1b", size = 812032, upload-time = "2025-03-13T11:10:22.779Z" }
wheels = [
    { url = "https://files.pythonhosted.org/packages/77/06/bb80f5f86020c4551da315d78b3ab75e8228f89f0162f2c3a819e407941a/attrs-25.3.0-py3-none-any.whl", hash = "sha256:427318ce031701fea540783410126f03899a97ffc6f61596ad581ac2e40e3bc3", size = 63815, upload-time = "2025-03-13T11:10:21.14Z" },
]

[[package]]
name = "aws-shell"
version = "0.2.2"
source = { registry = "https://pypi.org/simple" }
dependencies = [
    { name = "awscli" },
    { name = "boto3" },
    { name = "configobj" },
    { name = "prompt-toolkit" },
    { name = "pygments" },
]
sdist = { url = "https://files.pythonhosted.org/packages/01/31/ee166a91c865a855af4f15e393974eadf57762629fc2a163a3eb3f470ac5/aws-shell-0.2.2.tar.gz", hash = "sha256:fd1699ea5f201e7cbaacaeb34bf1eb88c8fe6dc6b248bce1b3d22b3e099a41e5", size = 55351, upload-time = "2020-10-07T01:27:30.03Z" }
wheels = [
    { url = "https://files.pythonhosted.org/packages/cb/01/9e5d72ebf69dc670ceaab4cfe4d4db92256ae2c332fc5b16c90301065ed6/aws_shell-0.2.2-py2.py3-none-any.whl", hash = "sha256:dc7a7d8bd831021f4fe6fe67d35757d9f8bf83a28693d3fff57aa114861f7367", size = 50556, upload-time = "2020-10-07T01:27:28.202Z" },
]

[[package]]
name = "awscli"
version = "1.41.10"
source = { registry = "https://pypi.org/simple" }
dependencies = [
    { name = "botocore" },
    { name = "colorama" },
    { name = "docutils" },
    { name = "pyyaml" },
    { name = "rsa" },
    { name = "s3transfer" },
]
sdist = { url = "https://files.pythonhosted.org/packages/4f/b6/32dea7e0d0d11eb8f24c96b44c502a88db37bd9cd5bb772dc503599a0514/awscli-1.41.10.tar.gz", hash = "sha256:e02fea77c3373abbf8239725fc8e8d25d520cf1a5275b70fd858594c3e5d2699", size = 1911568, upload-time = "2025-07-21T19:18:58.884Z" }
wheels = [
    { url = "https://files.pythonhosted.org/packages/f1/dd/930d6ec2a9b1d4e14e685d16c5230b67248015089cfa9f5a2474377e5133/awscli-1.41.10-py3-none-any.whl", hash = "sha256:f0bc5be2de554176343ef9ef9b8f7b9b8c6a9e48c5f5ce48473f2e532ae66e68", size = 4714091, upload-time = "2025-07-21T19:18:56.21Z" },
]

[[package]]
name = "boto3"
version = "1.39.10"
source = { registry = "https://pypi.org/simple" }
dependencies = [
    { name = "botocore" },
    { name = "jmespath" },
    { name = "s3transfer" },
]
sdist = { url = "https://files.pythonhosted.org/packages/e1/b8/59e82951106972d0bebeb5ab04ac09dabe67de72a0c071fc2c068d62a5f3/boto3-1.39.10.tar.gz", hash = "sha256:62a1623c8c9495625c88778869b75b692a7ef226fcbb96ea58365b9f043a2ae2", size = 111868, upload-time = "2025-07-21T19:19:03.434Z" }
wheels = [
    { url = "https://files.pythonhosted.org/packages/53/ca/c01654d74c110941b14ed60cd8bb1d9ea7217270d14a6245d64ffa678f43/boto3-1.39.10-py3-none-any.whl", hash = "sha256:5b2aa5b7d075491c7c6cb539255a44f0ebd70ffc540e32dfd56eb8a361390e5e", size = 139899, upload-time = "2025-07-21T19:19:00.851Z" },
]

[[package]]
name = "boto3-stubs"
version = "1.39.12"
source = { registry = "https://pypi.org/simple" }
dependencies = [
    { name = "botocore-stubs" },
    { name = "types-s3transfer" },
]
sdist = { url = "https://files.pythonhosted.org/packages/3a/43/d2511f9f9d1926f260782e5186d40f71e3bcb2540ab53cd9315ea9e77afe/boto3_stubs-1.39.12.tar.gz", hash = "sha256:cb0fbc36ce99834357612d4eb29383041cda3d08dec6bd6c8179e8b9a3f0fd6d", size = 100668, upload-time = "2025-07-23T19:31:10.139Z" }
wheels = [
    { url = "https://files.pythonhosted.org/packages/59/01/a90f8d708b2198cd8339ef2a1c150a04590b0b1c4e0d8434bcbde9159c92/boto3_stubs-1.39.12-py3-none-any.whl", hash = "sha256:53e51da27e5884fb35df1e0693a4e8127a26f7d4ba4ba0c9765b539d6b9c9924", size = 69607, upload-time = "2025-07-23T19:31:03.669Z" },
]

[package.optional-dependencies]
ce = [
    { name = "mypy-boto3-ce" },
]

[[package]]
name = "botocore"
version = "1.39.10"
source = { registry = "https://pypi.org/simple" }
dependencies = [
    { name = "jmespath" },
    { name = "python-dateutil" },
    { name = "urllib3" },
]
sdist = { url = "https://files.pythonhosted.org/packages/bb/8c/466a9b6de3e7e70a26aedee62d21d29db505ec43ec4e910ab717892c81fb/botocore-1.39.10.tar.gz", hash = "sha256:7fe00007304fe4627d7dd7b8605c6666a560651e91100f47391ae40a310dc092", size = 14216058, upload-time = "2025-07-21T19:18:52.415Z" }
wheels = [
    { url = "https://files.pythonhosted.org/packages/84/0d/fe85c407e66abe76a0d9b98e910756e721f131e2a92a55f7f55080f4925c/botocore-1.39.10-py3-none-any.whl", hash = "sha256:d279f252a37bfa7d8a628404ea745c0163ed6260e037d813ce0aef2996ffea28", size = 13875438, upload-time = "2025-07-21T19:18:47.041Z" },
]

[[package]]
name = "botocore-stubs"
version = "1.38.46"
source = { registry = "https://pypi.org/simple" }
dependencies = [
    { name = "types-awscrt" },
]
sdist = { url = "https://files.pythonhosted.org/packages/05/45/27cabc7c3022dcb12de5098cc646b374065f5e72fae13600ff1756f365ee/botocore_stubs-1.38.46.tar.gz", hash = "sha256:a04e69766ab8bae338911c1897492f88d05cd489cd75f06e6eb4f135f9da8c7b", size = 42299, upload-time = "2025-06-29T22:58:24.765Z" }
wheels = [
    { url = "https://files.pythonhosted.org/packages/cc/84/06490071e26bab22ac79a684e98445df118adcf80c58c33ba5af184030f2/botocore_stubs-1.38.46-py3-none-any.whl", hash = "sha256:cc21d9a7dd994bdd90872db4664d817c4719b51cda8004fd507a4bf65b085a75", size = 66083, upload-time = "2025-06-29T22:58:22.234Z" },
]

[[package]]
name = "colorama"
version = "0.4.6"
source = { registry = "https://pypi.org/simple" }
sdist = { url = "https://files.pythonhosted.org/packages/d8/53/6f443c9a4a8358a93a6792e2acffb9d9d5cb0a5cfd8802644b7b1c9a02e4/colorama-0.4.6.tar.gz", hash = "sha256:08695f5cb7ed6e0531a20572697297273c47b8cae5a63ffc6d6ed5c201be6e44", size = 27697, upload-time = "2022-10-25T02:36:22.414Z" }
wheels = [
    { url = "https://files.pythonhosted.org/packages/d1/d6/3965ed04c63042e047cb6a3e6ed1a63a35087b6a609aa3a15ed8ac56c221/colorama-0.4.6-py2.py3-none-any.whl", hash = "sha256:4f1d9991f5acc0ca119f9d443620b77f9d6b33703e51011c16baf57afb285fc6", size = 25335, upload-time = "2022-10-25T02:36:20.889Z" },
]

[[package]]
name = "configobj"
version = "5.0.9"
source = { registry = "https://pypi.org/simple" }
sdist = { url = "https://files.pythonhosted.org/packages/f5/c4/c7f9e41bc2e5f8eeae4a08a01c91b2aea3dfab40a3e14b25e87e7db8d501/configobj-5.0.9.tar.gz", hash = "sha256:03c881bbf23aa07bccf1b837005975993c4ab4427ba57f959afdd9d1a2386848", size = 101518, upload-time = "2024-09-21T12:47:46.315Z" }
wheels = [
    { url = "https://files.pythonhosted.org/packages/a6/c4/0679472c60052c27efa612b4cd3ddd2a23e885dcdc73461781d2c802d39e/configobj-5.0.9-py2.py3-none-any.whl", hash = "sha256:1ba10c5b6ee16229c79a05047aeda2b55eb4e80d7c7d8ecf17ec1ca600c79882", size = 35615, upload-time = "2024-11-26T14:03:32.972Z" },
]

[[package]]
name = "debugpy"
version = "1.8.15"
source = { registry = "https://pypi.org/simple" }
sdist = { url = "https://files.pythonhosted.org/packages/8c/8b/3a9a28ddb750a76eaec445c7f4d3147ea2c579a97dbd9e25d39001b92b21/debugpy-1.8.15.tar.gz", hash = "sha256:58d7a20b7773ab5ee6bdfb2e6cf622fdf1e40c9d5aef2857d85391526719ac00", size = 1643279, upload-time = "2025-07-15T16:43:29.135Z" }
wheels = [
    { url = "https://files.pythonhosted.org/packages/28/70/2928aad2310726d5920b18ed9f54b9f06df5aa4c10cf9b45fa18ff0ab7e8/debugpy-1.8.15-cp313-cp313-macosx_14_0_universal2.whl", hash = "sha256:f5e01291ad7d6649aed5773256c5bba7a1a556196300232de1474c3c372592bf", size = 2495538, upload-time = "2025-07-15T16:43:48.927Z" },
    { url = "https://files.pythonhosted.org/packages/9e/c6/9b8ffb4ca91fac8b2877eef63c9cc0e87dd2570b1120054c272815ec4cd0/debugpy-1.8.15-cp313-cp313-manylinux_2_5_x86_64.manylinux1_x86_64.manylinux_2_17_x86_64.manylinux2014_x86_64.whl", hash = "sha256:94dc0f0d00e528d915e0ce1c78e771475b2335b376c49afcc7382ee0b146bab6", size = 4221874, upload-time = "2025-07-15T16:43:50.282Z" },
    { url = "https://files.pythonhosted.org/packages/55/8a/9b8d59674b4bf489318c7c46a1aab58e606e583651438084b7e029bf3c43/debugpy-1.8.15-cp313-cp313-win32.whl", hash = "sha256:fcf0748d4f6e25f89dc5e013d1129ca6f26ad4da405e0723a4f704583896a709", size = 5275949, upload-time = "2025-07-15T16:43:52.079Z" },
    { url = "https://files.pythonhosted.org/packages/72/83/9e58e6fdfa8710a5e6ec06c2401241b9ad48b71c0a7eb99570a1f1edb1d3/debugpy-1.8.15-cp313-cp313-win_amd64.whl", hash = "sha256:73c943776cb83e36baf95e8f7f8da765896fd94b05991e7bc162456d25500683", size = 5317720, upload-time = "2025-07-15T16:43:53.703Z" },
    { url = "https://files.pythonhosted.org/packages/07/d5/98748d9860e767a1248b5e31ffa7ce8cb7006e97bf8abbf3d891d0a8ba4e/debugpy-1.8.15-py2.py3-none-any.whl", hash = "sha256:bce2e6c5ff4f2e00b98d45e7e01a49c7b489ff6df5f12d881c67d2f1ac635f3d", size = 5282697, upload-time = "2025-07-15T16:44:07.996Z" },
]

[[package]]
name = "dill"
version = "0.4.0"
source = { registry = "https://pypi.org/simple" }
sdist = { url = "https://files.pythonhosted.org/packages/12/80/630b4b88364e9a8c8c5797f4602d0f76ef820909ee32f0bacb9f90654042/dill-0.4.0.tar.gz", hash = "sha256:0633f1d2df477324f53a895b02c901fb961bdbf65a17122586ea7019292cbcf0", size = 186976, upload-time = "2025-04-16T00:41:48.867Z" }
wheels = [
    { url = "https://files.pythonhosted.org/packages/50/3d/9373ad9c56321fdab5b41197068e1d8c25883b3fea29dd361f9b55116869/dill-0.4.0-py3-none-any.whl", hash = "sha256:44f54bf6412c2c8464c14e8243eb163690a9800dbe2c367330883b19c7561049", size = 119668, upload-time = "2025-04-16T00:41:47.671Z" },
]

[[package]]
name = "docutils"
version = "0.19"
source = { registry = "https://pypi.org/simple" }
sdist = { url = "https://files.pythonhosted.org/packages/6b/5c/330ea8d383eb2ce973df34d1239b3b21e91cd8c865d21ff82902d952f91f/docutils-0.19.tar.gz", hash = "sha256:33995a6753c30b7f577febfc2c50411fec6aac7f7ffeb7c4cfe5991072dcf9e6", size = 2056383, upload-time = "2022-07-05T20:17:31.045Z" }
wheels = [
    { url = "https://files.pythonhosted.org/packages/93/69/e391bd51bc08ed9141ecd899a0ddb61ab6465309f1eb470905c0c8868081/docutils-0.19-py3-none-any.whl", hash = "sha256:5e1de4d849fee02c63b040a4a3fd567f4ab104defd8a5511fbbc24a8a017efbc", size = 570472, upload-time = "2022-07-05T20:17:26.388Z" },
]

[[package]]
name = "grpcio"
version = "1.66.2"
source = { registry = "https://pypi.org/simple" }
sdist = { url = "https://files.pythonhosted.org/packages/71/d1/49a96df4eb1d805cf546247df40636515416d2d5c66665e5129c8b4162a8/grpcio-1.66.2.tar.gz", hash = "sha256:563588c587b75c34b928bc428548e5b00ea38c46972181a4d8b75ba7e3f24231", size = 12489713, upload-time = "2024-09-28T12:44:01.429Z" }
wheels = [
    { url = "https://files.pythonhosted.org/packages/72/31/8708a8dfb3f1ac89926c27c5dd17412764157a2959dbc5a606eaf8ac71f6/grpcio-1.66.2-cp313-cp313-linux_armv7l.whl", hash = "sha256:3b00efc473b20d8bf83e0e1ae661b98951ca56111feb9b9611df8efc4fe5d55d", size = 5004245, upload-time = "2024-09-28T12:38:50.596Z" },
    { url = "https://files.pythonhosted.org/packages/8b/37/0b57c3769efb3cc9ec97fcaa9f7243046660e7ed58c0faebc4ef315df92c/grpcio-1.66.2-cp313-cp313-macosx_10_13_universal2.whl", hash = "sha256:1caa38fb22a8578ab8393da99d4b8641e3a80abc8fd52646f1ecc92bcb8dee34", size = 10756749, upload-time = "2024-09-28T12:38:54.131Z" },
    { url = "https://files.pythonhosted.org/packages/bf/5a/425e995724a19a1b110340ed653bc7c5de8019d9fc84b3798a0f79c3eb31/grpcio-1.66.2-cp313-cp313-manylinux_2_17_aarch64.whl", hash = "sha256:c408f5ef75cfffa113cacd8b0c0e3611cbfd47701ca3cdc090594109b9fcbaed", size = 5499666, upload-time = "2024-09-28T12:38:57.145Z" },
    { url = "https://files.pythonhosted.org/packages/2e/e4/86a5c5ec40a6b683671a1d044ebca433812d99da8fcfc2889e9c43cecbd4/grpcio-1.66.2-cp313-cp313-manylinux_2_17_i686.manylinux2014_i686.whl", hash = "sha256:c806852deaedee9ce8280fe98955c9103f62912a5b2d5ee7e3eaa284a6d8d8e7", size = 6109578, upload-time = "2024-09-28T12:38:59.835Z" },
    { url = "https://files.pythonhosted.org/packages/2f/86/a86742f3deaa22385c3bff984c5947fc62d47d3fab26c508730037d027e5/grpcio-1.66.2-cp313-cp313-manylinux_2_17_x86_64.manylinux2014_x86_64.whl", hash = "sha256:f145cc21836c332c67baa6fc81099d1d27e266401565bf481948010d6ea32d46", size = 5763274, upload-time = "2024-09-28T12:39:02.287Z" },
    { url = "https://files.pythonhosted.org/packages/c3/61/b9a2a4345dea0a354c4ed8ac7aacbdd0ff986acbc8f92680213cf3d2faa3/grpcio-1.66.2-cp313-cp313-musllinux_1_1_i686.whl", hash = "sha256:73e3b425c1e155730273f73e419de3074aa5c5e936771ee0e4af0814631fb30a", size = 6450416, upload-time = "2024-09-28T12:39:05.06Z" },
    { url = "https://files.pythonhosted.org/packages/50/b9/ad303ce75d8cd71d855a661519aa160ce42f27498f589f1ae6d9f8c5e8ac/grpcio-1.66.2-cp313-cp313-musllinux_1_1_x86_64.whl", hash = "sha256:9c509a4f78114cbc5f0740eb3d7a74985fd2eff022971bc9bc31f8bc93e66a3b", size = 6040045, upload-time = "2024-09-28T12:39:08.214Z" },
    { url = "https://files.pythonhosted.org/packages/ac/b3/8db1873e3240ef1672ba87b89e949ece367089e29e4d221377bfdd288bd3/grpcio-1.66.2-cp313-cp313-win32.whl", hash = "sha256:20657d6b8cfed7db5e11b62ff7dfe2e12064ea78e93f1434d61888834bc86d75", size = 3537126, upload-time = "2024-09-28T12:39:10.655Z" },
    { url = "https://files.pythonhosted.org/packages/a2/df/133216989fe7e17caeafd7ff5b17cc82c4e722025d0b8d5d2290c11fe2e6/grpcio-1.66.2-cp313-cp313-win_amd64.whl", hash = "sha256:fb70487c95786e345af5e854ffec8cb8cc781bcc5df7930c4fbb7feaa72e1cdf", size = 4278018, upload-time = "2024-09-28T12:39:13.196Z" },
]

[[package]]
name = "jmespath"
version = "1.0.1"
source = { registry = "https://pypi.org/simple" }
sdist = { url = "https://files.pythonhosted.org/packages/00/2a/e867e8531cf3e36b41201936b7fa7ba7b5702dbef42922193f05c8976cd6/jmespath-1.0.1.tar.gz", hash = "sha256:90261b206d6defd58fdd5e85f478bf633a2901798906be2ad389150c5c60edbe", size = 25843, upload-time = "2022-06-17T18:00:12.224Z" }
wheels = [
    { url = "https://files.pythonhosted.org/packages/31/b4/b9b800c45527aadd64d5b442f9b932b00648617eb5d63d2c7a6587b7cafc/jmespath-1.0.1-py3-none-any.whl", hash = "sha256:02e2e4cc71b5bcab88332eebf907519190dd9e6e82107fa7f83b1003a6252980", size = 20256, upload-time = "2022-06-17T18:00:10.251Z" },
]

[[package]]
name = "mypy-boto3-ce"
version = "1.39.0"
source = { registry = "https://pypi.org/simple" }
sdist = { url = "https://files.pythonhosted.org/packages/70/22/e406ac71219e2af5b76668984ede847eae593252388371955bcbcf0d3e71/mypy_boto3_ce-1.39.0.tar.gz", hash = "sha256:57a87564665432535080ae1c04436653b981fe01e4160b9cfb5a32a8e436b43a", size = 40320, upload-time = "2025-06-30T19:34:28.434Z" }
wheels = [
    { url = "https://files.pythonhosted.org/packages/4f/df/e1d0a00401bcdf7179ee5771b073ec784c41d88b6d527a90b5547c9d7c49/mypy_boto3_ce-1.39.0-py3-none-any.whl", hash = "sha256:d9db0ace9f74db16662db4136d8157fec2f1a01900d22d88ed2f2999b77fb6f6", size = 45288, upload-time = "2025-06-30T19:34:26.935Z" },
]

[[package]]
name = "parver"
version = "0.5"
source = { registry = "https://pypi.org/simple" }
dependencies = [
    { name = "arpeggio" },
    { name = "attrs" },
]
sdist = { url = "https://files.pythonhosted.org/packages/cc/e5/1c774688a90f0b76e872e30f6f1ba3f5e14056cd0d96a684047d4a986226/parver-0.5.tar.gz", hash = "sha256:b9fde1e6bb9ce9f07e08e9c4bea8d8825c5e78e18a0052d02e02bf9517eb4777", size = 26908, upload-time = "2023-10-03T21:06:54.506Z" }
wheels = [
    { url = "https://files.pythonhosted.org/packages/0f/4c/f98024021bef4d44dce3613feebd702c7ad8883f777ff8488384c59e9774/parver-0.5-py3-none-any.whl", hash = "sha256:2281b187276c8e8e3c15634f62287b2fb6fe0efe3010f739a6bd1e45fa2bf2b2", size = 15172, upload-time = "2023-10-03T21:06:52.796Z" },
]

[[package]]
name = "pip"
version = "25.1.1"
source = { registry = "https://pypi.org/simple" }
sdist = { url = "https://files.pythonhosted.org/packages/59/de/241caa0ca606f2ec5fe0c1f4261b0465df78d786a38da693864a116c37f4/pip-25.1.1.tar.gz", hash = "sha256:3de45d411d308d5054c2168185d8da7f9a2cd753dbac8acbfa88a8909ecd9077", size = 1940155, upload-time = "2025-05-02T15:14:02.057Z" }
wheels = [
    { url = "https://files.pythonhosted.org/packages/29/a2/d40fb2460e883eca5199c62cfc2463fd261f760556ae6290f88488c362c0/pip-25.1.1-py3-none-any.whl", hash = "sha256:2913a38a2abf4ea6b64ab507bd9e967f3b53dc1ede74b01b0931e1ce548751af", size = 1825227, upload-time = "2025-05-02T15:13:59.102Z" },
]

[[package]]
name = "plerion-infra"
version = "0.1.0"
source = { editable = "." }
dependencies = [
    { name = "boto3" },
    { name = "pulumi" },
    { name = "pulumi-aws" },
    { name = "pulumi-awsx" },
    { name = "pulumi-docker" },
    { name = "pulumi-postgresql" },
]

[package.dev-dependencies]
dev = [
    { name = "aws-shell" },
    { name = "boto3-stubs", extra = ["ce"] },
    { name = "botocore-stubs" },
    { name = "ruff" },
]

[package.metadata]
requires-dist = [
    { name = "boto3", specifier = ">=1.39.10" },
    { name = "pulumi", specifier = ">=3.183.0" },
    { name = "pulumi-aws", specifier = ">=6.83.0" },
    { name = "pulumi-awsx", specifier = ">=2.22.0" },
    { name = "pulumi-docker", specifier = ">=4.8.0" },
    { name = "pulumi-postgresql", specifier = ">=3.15.2" },
]

[package.metadata.requires-dev]
dev = [
    { name = "aws-shell", specifier = ">=0.2.2" },
    { name = "boto3-stubs", extras = ["ce"], specifier = ">=1.39.7" },
    { name = "botocore-stubs", specifier = ">=1.38.46" },
    { name = "ruff", specifier = ">=0.12.3" },
]

[[package]]
name = "prompt-toolkit"
version = "1.0.18"
source = { registry = "https://pypi.org/simple" }
dependencies = [
    { name = "six" },
    { name = "wcwidth" },
]
sdist = { url = "https://files.pythonhosted.org/packages/c5/64/c170e5b1913b540bf0c8ab7676b21fdd1d25b65ddeb10025c6ca43cccd4c/prompt_toolkit-1.0.18.tar.gz", hash = "sha256:dd4fca02c8069497ad931a2d09914c6b0d1b50151ce876bc15bde4c747090126", size = 242335, upload-time = "2019-10-03T20:13:52.094Z" }
wheels = [
    { url = "https://files.pythonhosted.org/packages/64/27/5fd61a451d086ad4aa806dc72fe1383d2bc0e74323668672287f616d5d51/prompt_toolkit-1.0.18-py3-none-any.whl", hash = "sha256:37925b37a4af1f6448c76b7606e0285f79f434ad246dda007a27411cca730c6d", size = 245351, upload-time = "2019-10-03T20:14:19.737Z" },
]

[[package]]
name = "protobuf"
version = "4.25.8"
source = { registry = "https://pypi.org/simple" }
sdist = { url = "https://files.pythonhosted.org/packages/df/01/34c8d2b6354906d728703cb9d546a0e534de479e25f1b581e4094c4a85cc/protobuf-4.25.8.tar.gz", hash = "sha256:6135cf8affe1fc6f76cced2641e4ea8d3e59518d1f24ae41ba97bcad82d397cd", size = 380920, upload-time = "2025-05-28T14:22:25.153Z" }
wheels = [
    { url = "https://files.pythonhosted.org/packages/45/ff/05f34305fe6b85bbfbecbc559d423a5985605cad5eda4f47eae9e9c9c5c5/protobuf-4.25.8-cp310-abi3-win32.whl", hash = "sha256:504435d831565f7cfac9f0714440028907f1975e4bed228e58e72ecfff58a1e0", size = 392745, upload-time = "2025-05-28T14:22:10.524Z" },
    { url = "https://files.pythonhosted.org/packages/08/35/8b8a8405c564caf4ba835b1fdf554da869954712b26d8f2a98c0e434469b/protobuf-4.25.8-cp310-abi3-win_amd64.whl", hash = "sha256:bd551eb1fe1d7e92c1af1d75bdfa572eff1ab0e5bf1736716814cdccdb2360f9", size = 413736, upload-time = "2025-05-28T14:22:13.156Z" },
    { url = "https://files.pythonhosted.org/packages/28/d7/ab27049a035b258dab43445eb6ec84a26277b16105b277cbe0a7698bdc6c/protobuf-4.25.8-cp37-abi3-macosx_10_9_universal2.whl", hash = "sha256:ca809b42f4444f144f2115c4c1a747b9a404d590f18f37e9402422033e464e0f", size = 394537, upload-time = "2025-05-28T14:22:14.768Z" },
    { url = "https://files.pythonhosted.org/packages/bd/6d/a4a198b61808dd3d1ee187082ccc21499bc949d639feb948961b48be9a7e/protobuf-4.25.8-cp37-abi3-manylinux2014_aarch64.whl", hash = "sha256:9ad7ef62d92baf5a8654fbb88dac7fa5594cfa70fd3440488a5ca3bfc6d795a7", size = 294005, upload-time = "2025-05-28T14:22:16.052Z" },
    { url = "https://files.pythonhosted.org/packages/d6/c6/c9deaa6e789b6fc41b88ccbdfe7a42d2b82663248b715f55aa77fbc00724/protobuf-4.25.8-cp37-abi3-manylinux2014_x86_64.whl", hash = "sha256:83e6e54e93d2b696a92cad6e6efc924f3850f82b52e1563778dfab8b355101b0", size = 294924, upload-time = "2025-05-28T14:22:17.105Z" },
    { url = "https://files.pythonhosted.org/packages/0c/c1/6aece0ab5209981a70cd186f164c133fdba2f51e124ff92b73de7fd24d78/protobuf-4.25.8-py3-none-any.whl", hash = "sha256:15a0af558aa3b13efef102ae6e4f3efac06f1eea11afb3a57db2901447d9fb59", size = 156757, upload-time = "2025-05-28T14:22:24.135Z" },
]

[[package]]
name = "pulumi"
version = "3.183.0"
source = { registry = "https://pypi.org/simple" }
dependencies = [
    { name = "debugpy" },
    { name = "dill" },
    { name = "grpcio" },
    { name = "pip" },
    { name = "protobuf" },
    { name = "pyyaml" },
    { name = "semver" },
]
wheels = [
    { url = "https://files.pythonhosted.org/packages/a3/fa/75a3fc670e0abf14f13d965788df59ba4df549cae5768668ad5195edb608/pulumi-3.183.0-py3-none-any.whl", hash = "sha256:7e211d1111503ae1e24e12c9ba833f152fa5a478242dde0ad6f27328b473677c", size = 364170, upload-time = "2025-07-16T19:45:57.308Z" },
]

[[package]]
name = "pulumi-aws"
version = "6.83.0"
source = { registry = "https://pypi.org/simple" }
dependencies = [
    { name = "parver" },
    { name = "pulumi" },
    { name = "semver" },
]
sdist = { url = "https://files.pythonhosted.org/packages/ef/c8/d16a58afdab5c4dafb8043a4370c0673c48ae314aea5ac7d1ce4eee2af76/pulumi_aws-6.83.0.tar.gz", hash = "sha256:24ce88ad5bb81eb937935d9e40466e164addef86140a32cac22ed17176812cb7", size = 7839650, upload-time = "2025-06-16T21:58:19.009Z" }
wheels = [
    { url = "https://files.pythonhosted.org/packages/30/0b/3ed17e6fc68d9c0b572c4b259c5e291a8267011c640a9a9bb5a26b596763/pulumi_aws-6.83.0-py3-none-any.whl", hash = "sha256:e61144b9680ae1ebd98daa7bfffce1f646796a9640f9b73119b91e72c26e3bbc", size = 10608060, upload-time = "2025-06-16T21:58:14.969Z" },
]

[[package]]
name = "pulumi-awsx"
version = "2.22.0"
source = { registry = "https://pypi.org/simple" }
dependencies = [
    { name = "parver" },
    { name = "pulumi" },
    { name = "pulumi-aws" },
    { name = "pulumi-docker" },
    { name = "pulumi-docker-build" },
    { name = "semver" },
]
sdist = { url = "https://files.pythonhosted.org/packages/2b/99/02c171e4f54fe7b89bf06435dc98b5f6656684ece73535915abb83e804a2/pulumi_awsx-2.22.0.tar.gz", hash = "sha256:1852b2e0f57a80b2e325b9223b2538665d0ac512637f737494815c6aa67ff28b", size = 104537, upload-time = "2025-06-25T17:46:13.272Z" }
wheels = [
    { url = "https://files.pythonhosted.org/packages/e6/41/04295b10120bb95ded11476804bf2eb70827116d8ecddc880888dad4b3cb/pulumi_awsx-2.22.0-py3-none-any.whl", hash = "sha256:6607557dfc88431457f9a737e488a23e4fa9ce8c006a70efe433729973ce7253", size = 121001, upload-time = "2025-06-25T17:46:11.601Z" },
]

[[package]]
name = "pulumi-docker"
version = "4.8.0"
source = { registry = "https://pypi.org/simple" }
dependencies = [
    { name = "parver" },
    { name = "pulumi" },
    { name = "semver" },
]
sdist = { url = "https://files.pythonhosted.org/packages/88/47/4ef6f5c2f2a53b6883c152d945bab0ee5e66ed3d295eca8b1e16aa462ca1/pulumi_docker-4.8.0.tar.gz", hash = "sha256:c2460c1d3f011a3602f46d8ef0a4fabd7cc08556a84e7c43ee31acb09d064ad7", size = 106590, upload-time = "2025-06-18T21:39:52.577Z" }
wheels = [
    { url = "https://files.pythonhosted.org/packages/7e/a7/c345d79c6f5592b41b76e31e27d08ff43fce4ba92a1040fe885065e1f4cb/pulumi_docker-4.8.0-py3-none-any.whl", hash = "sha256:75f2be3d9a646292b6d1985edcc03239cc0ab077e96a188e8423b737cf6c958f", size = 128007, upload-time = "2025-06-18T21:39:50.8Z" },
]

[[package]]
name = "pulumi-docker-build"
version = "0.0.12"
source = { registry = "https://pypi.org/simple" }
dependencies = [
    { name = "parver" },
    { name = "pulumi" },
    { name = "semver" },
]
sdist = { url = "https://files.pythonhosted.org/packages/2f/d4/4f645603ce8197d2b84b11418d6c8f67a4d40e0d3e5cfdb32f5c79bb8342/pulumi_docker_build-0.0.12.tar.gz", hash = "sha256:e42119d5453df68de30eb554e0d3e6ab317e2fd25bd201296b07611b0e81e45b", size = 39357, upload-time = "2025-05-16T19:30:57.54Z" }
wheels = [
    { url = "https://files.pythonhosted.org/packages/17/6f/8b4d6410f8a0ce968374a499555197b08b16dbb2e7d2752e46836fb7f6cd/pulumi_docker_build-0.0.12-py3-none-any.whl", hash = "sha256:fc9b2720650411bccd3de2c2e8dc1b26be1f3b1d4fcbde343343f6829a365e2b", size = 44056, upload-time = "2025-05-16T19:30:55.832Z" },
]

[[package]]
name = "pulumi-postgresql"
version = "3.15.2"
source = { registry = "https://pypi.org/simple" }
dependencies = [
    { name = "parver" },
    { name = "pulumi" },
    { name = "semver" },
]
sdist = { url = "https://files.pythonhosted.org/packages/5e/42/1f7bb5d21635f771054e29a82782db902ab88192f828dd45601ae2d8091d/pulumi_postgresql-3.15.2.tar.gz", hash = "sha256:d66f263484e102a83abbc1de471f9c71a60d09c4263782441437c2b8b2ad45fd", size = 47343, upload-time = "2025-06-02T23:13:10.277Z" }
wheels = [
    { url = "https://files.pythonhosted.org/packages/da/bf/ddc8a6766fe9bbf1225b3af73dc781c39a212e69006e99f1ceaad70818d4/pulumi_postgresql-3.15.2-py3-none-any.whl", hash = "sha256:f21c0ea1b48a43c7188207a5ee6d8ed0092de8925c518f0c804cb3d56d426181", size = 73238, upload-time = "2025-06-02T23:13:08.224Z" },
]

[[package]]
name = "pyasn1"
version = "0.6.1"
source = { registry = "https://pypi.org/simple" }
sdist = { url = "https://files.pythonhosted.org/packages/ba/e9/01f1a64245b89f039897cb0130016d79f77d52669aae6ee7b159a6c4c018/pyasn1-0.6.1.tar.gz", hash = "sha256:6f580d2bdd84365380830acf45550f2511469f673cb4a5ae3857a3170128b034", size = 145322, upload-time = "2024-09-10T22:41:42.55Z" }
wheels = [
    { url = "https://files.pythonhosted.org/packages/c8/f1/d6a797abb14f6283c0ddff96bbdd46937f64122b8c925cab503dd37f8214/pyasn1-0.6.1-py3-none-any.whl", hash = "sha256:0d632f46f2ba09143da3a8afe9e33fb6f92fa2320ab7e886e2d0f7672af84629", size = 83135, upload-time = "2024-09-11T16:00:36.122Z" },
]

[[package]]
name = "pygments"
version = "2.19.2"
source = { registry = "https://pypi.org/simple" }
sdist = { url = "https://files.pythonhosted.org/packages/b0/77/a5b8c569bf593b0140bde72ea885a803b82086995367bf2037de0159d924/pygments-2.19.2.tar.gz", hash = "sha256:636cb2477cec7f8952536970bc533bc43743542f70392ae026374600add5b887", size = 4968631, upload-time = "2025-06-21T13:39:12.283Z" }
wheels = [
    { url = "https://files.pythonhosted.org/packages/c7/21/705964c7812476f378728bdf590ca4b771ec72385c533964653c68e86bdc/pygments-2.19.2-py3-none-any.whl", hash = "sha256:86540386c03d588bb81d44bc3928634ff26449851e99741617ecb9037ee5ec0b", size = 1225217, upload-time = "2025-06-21T13:39:07.939Z" },
]

[[package]]
name = "python-dateutil"
version = "2.9.0.post0"
source = { registry = "https://pypi.org/simple" }
dependencies = [
    { name = "six" },
]
sdist = { url = "https://files.pythonhosted.org/packages/66/c0/0c8b6ad9f17a802ee498c46e004a0eb49bc148f2fd230864601a86dcf6db/python-dateutil-2.9.0.post0.tar.gz", hash = "sha256:37dd54208da7e1cd875388217d5e00ebd4179249f90fb72437e91a35459a0ad3", size = 342432, upload-time = "2024-03-01T18:36:20.211Z" }
wheels = [
    { url = "https://files.pythonhosted.org/packages/ec/57/56b9bcc3c9c6a792fcbaf139543cee77261f3651ca9da0c93f5c1221264b/python_dateutil-2.9.0.post0-py2.py3-none-any.whl", hash = "sha256:a8b2bc7bffae282281c8140a97d3aa9c14da0b136dfe83f850eea9a5f7470427", size = 229892, upload-time = "2024-03-01T18:36:18.57Z" },
]

[[package]]
name = "pyyaml"
version = "6.0.2"
source = { registry = "https://pypi.org/simple" }
sdist = { url = "https://files.pythonhosted.org/packages/54/ed/79a089b6be93607fa5cdaedf301d7dfb23af5f25c398d5ead2525b063e17/pyyaml-6.0.2.tar.gz", hash = "sha256:d584d9ec91ad65861cc08d42e834324ef890a082e591037abe114850ff7bbc3e", size = 130631, upload-time = "2024-08-06T20:33:50.674Z" }
wheels = [
    { url = "https://files.pythonhosted.org/packages/ef/e3/3af305b830494fa85d95f6d95ef7fa73f2ee1cc8ef5b495c7c3269fb835f/PyYAML-6.0.2-cp313-cp313-macosx_10_13_x86_64.whl", hash = "sha256:efdca5630322a10774e8e98e1af481aad470dd62c3170801852d752aa7a783ba", size = 181309, upload-time = "2024-08-06T20:32:43.4Z" },
    { url = "https://files.pythonhosted.org/packages/45/9f/3b1c20a0b7a3200524eb0076cc027a970d320bd3a6592873c85c92a08731/PyYAML-6.0.2-cp313-cp313-macosx_11_0_arm64.whl", hash = "sha256:50187695423ffe49e2deacb8cd10510bc361faac997de9efef88badc3bb9e2d1", size = 171679, upload-time = "2024-08-06T20:32:44.801Z" },
    { url = "https://files.pythonhosted.org/packages/7c/9a/337322f27005c33bcb656c655fa78325b730324c78620e8328ae28b64d0c/PyYAML-6.0.2-cp313-cp313-manylinux_2_17_aarch64.manylinux2014_aarch64.whl", hash = "sha256:0ffe8360bab4910ef1b9e87fb812d8bc0a308b0d0eef8c8f44e0254ab3b07133", size = 733428, upload-time = "2024-08-06T20:32:46.432Z" },
    { url = "https://files.pythonhosted.org/packages/a3/69/864fbe19e6c18ea3cc196cbe5d392175b4cf3d5d0ac1403ec3f2d237ebb5/PyYAML-6.0.2-cp313-cp313-manylinux_2_17_s390x.manylinux2014_s390x.whl", hash = "sha256:17e311b6c678207928d649faa7cb0d7b4c26a0ba73d41e99c4fff6b6c3276484", size = 763361, upload-time = "2024-08-06T20:32:51.188Z" },
    { url = "https://files.pythonhosted.org/packages/04/24/b7721e4845c2f162d26f50521b825fb061bc0a5afcf9a386840f23ea19fa/PyYAML-6.0.2-cp313-cp313-manylinux_2_17_x86_64.manylinux2014_x86_64.whl", hash = "sha256:70b189594dbe54f75ab3a1acec5f1e3faa7e8cf2f1e08d9b561cb41b845f69d5", size = 759523, upload-time = "2024-08-06T20:32:53.019Z" },
    { url = "https://files.pythonhosted.org/packages/2b/b2/e3234f59ba06559c6ff63c4e10baea10e5e7df868092bf9ab40e5b9c56b6/PyYAML-6.0.2-cp313-cp313-musllinux_1_1_aarch64.whl", hash = "sha256:41e4e3953a79407c794916fa277a82531dd93aad34e29c2a514c2c0c5fe971cc", size = 726660, upload-time = "2024-08-06T20:32:54.708Z" },
    { url = "https://files.pythonhosted.org/packages/fe/0f/25911a9f080464c59fab9027482f822b86bf0608957a5fcc6eaac85aa515/PyYAML-6.0.2-cp313-cp313-musllinux_1_1_x86_64.whl", hash = "sha256:68ccc6023a3400877818152ad9a1033e3db8625d899c72eacb5a668902e4d652", size = 751597, upload-time = "2024-08-06T20:32:56.985Z" },
    { url = "https://files.pythonhosted.org/packages/14/0d/e2c3b43bbce3cf6bd97c840b46088a3031085179e596d4929729d8d68270/PyYAML-6.0.2-cp313-cp313-win32.whl", hash = "sha256:bc2fa7c6b47d6bc618dd7fb02ef6fdedb1090ec036abab80d4681424b84c1183", size = 140527, upload-time = "2024-08-06T20:33:03.001Z" },
    { url = "https://files.pythonhosted.org/packages/fa/de/02b54f42487e3d3c6efb3f89428677074ca7bf43aae402517bc7cca949f3/PyYAML-6.0.2-cp313-cp313-win_amd64.whl", hash = "sha256:8388ee1976c416731879ac16da0aff3f63b286ffdd57cdeb95f3f2e085687563", size = 156446, upload-time = "2024-08-06T20:33:04.33Z" },
]

[[package]]
name = "rsa"
version = "4.7.2"
source = { registry = "https://pypi.org/simple" }
dependencies = [
    { name = "pyasn1" },
]
sdist = { url = "https://files.pythonhosted.org/packages/db/b5/475c45a58650b0580421746504b680cd2db4e81bc941e94ca53785250269/rsa-4.7.2.tar.gz", hash = "sha256:9d689e6ca1b3038bc82bf8d23e944b6b6037bc02301a574935b2dd946e0353b9", size = 39711, upload-time = "2021-02-24T10:55:05.846Z" }
wheels = [
    { url = "https://files.pythonhosted.org/packages/e9/93/0c0f002031f18b53af7a6166103c02b9c0667be528944137cc954ec921b3/rsa-4.7.2-py3-none-any.whl", hash = "sha256:78f9a9bf4e7be0c5ded4583326e7461e3a3c5aae24073648b4bdfa797d78c9d2", size = 34505, upload-time = "2021-02-24T10:55:03.55Z" },
]

[[package]]
name = "ruff"
version = "0.12.4"
source = { registry = "https://pypi.org/simple" }
sdist = { url = "https://files.pythonhosted.org/packages/9b/ce/8d7dbedede481245b489b769d27e2934730791a9a82765cb94566c6e6abd/ruff-0.12.4.tar.gz", hash = "sha256:13efa16df6c6eeb7d0f091abae50f58e9522f3843edb40d56ad52a5a4a4b6873", size = 5131435, upload-time = "2025-07-17T17:27:19.138Z" }
wheels = [
    { url = "https://files.pythonhosted.org/packages/ae/9f/517bc5f61bad205b7f36684ffa5415c013862dee02f55f38a217bdbe7aa4/ruff-0.12.4-py3-none-linux_armv6l.whl", hash = "sha256:cb0d261dac457ab939aeb247e804125a5d521b21adf27e721895b0d3f83a0d0a", size = 10188824, upload-time = "2025-07-17T17:26:31.412Z" },
    { url = "https://files.pythonhosted.org/packages/28/83/691baae5a11fbbde91df01c565c650fd17b0eabed259e8b7563de17c6529/ruff-0.12.4-py3-none-macosx_10_12_x86_64.whl", hash = "sha256:55c0f4ca9769408d9b9bac530c30d3e66490bd2beb2d3dae3e4128a1f05c7442", size = 10884521, upload-time = "2025-07-17T17:26:35.084Z" },
    { url = "https://files.pythonhosted.org/packages/d6/8d/756d780ff4076e6dd035d058fa220345f8c458391f7edfb1c10731eedc75/ruff-0.12.4-py3-none-macosx_11_0_arm64.whl", hash = "sha256:a8224cc3722c9ad9044da7f89c4c1ec452aef2cfe3904365025dd2f51daeae0e", size = 10277653, upload-time = "2025-07-17T17:26:37.897Z" },
    { url = "https://files.pythonhosted.org/packages/8d/97/8eeee0f48ece153206dce730fc9e0e0ca54fd7f261bb3d99c0a4343a1892/ruff-0.12.4-py3-none-manylinux_2_17_aarch64.manylinux2014_aarch64.whl", hash = "sha256:e9949d01d64fa3672449a51ddb5d7548b33e130240ad418884ee6efa7a229586", size = 10485993, upload-time = "2025-07-17T17:26:40.68Z" },
    { url = "https://files.pythonhosted.org/packages/49/b8/22a43d23a1f68df9b88f952616c8508ea6ce4ed4f15353b8168c48b2d7e7/ruff-0.12.4-py3-none-manylinux_2_17_armv7l.manylinux2014_armv7l.whl", hash = "sha256:be0593c69df9ad1465e8a2d10e3defd111fdb62dcd5be23ae2c06da77e8fcffb", size = 10022824, upload-time = "2025-07-17T17:26:43.564Z" },
    { url = "https://files.pythonhosted.org/packages/cd/70/37c234c220366993e8cffcbd6cadbf332bfc848cbd6f45b02bade17e0149/ruff-0.12.4-py3-none-manylinux_2_17_i686.manylinux2014_i686.whl", hash = "sha256:a7dea966bcb55d4ecc4cc3270bccb6f87a337326c9dcd3c07d5b97000dbff41c", size = 11524414, upload-time = "2025-07-17T17:26:46.219Z" },
    { url = "https://files.pythonhosted.org/packages/14/77/c30f9964f481b5e0e29dd6a1fae1f769ac3fd468eb76fdd5661936edd262/ruff-0.12.4-py3-none-manylinux_2_17_ppc64.manylinux2014_ppc64.whl", hash = "sha256:afcfa3ab5ab5dd0e1c39bf286d829e042a15e966b3726eea79528e2e24d8371a", size = 12419216, upload-time = "2025-07-17T17:26:48.883Z" },
    { url = "https://files.pythonhosted.org/packages/6e/79/af7fe0a4202dce4ef62c5e33fecbed07f0178f5b4dd9c0d2fcff5ab4a47c/ruff-0.12.4-py3-none-manylinux_2_17_ppc64le.manylinux2014_ppc64le.whl", hash = "sha256:c057ce464b1413c926cdb203a0f858cd52f3e73dcb3270a3318d1630f6395bb3", size = 11976756, upload-time = "2025-07-17T17:26:51.754Z" },
    { url = "https://files.pythonhosted.org/packages/09/d1/33fb1fc00e20a939c305dbe2f80df7c28ba9193f7a85470b982815a2dc6a/ruff-0.12.4-py3-none-manylinux_2_17_s390x.manylinux2014_s390x.whl", hash = "sha256:e64b90d1122dc2713330350626b10d60818930819623abbb56535c6466cce045", size = 11020019, upload-time = "2025-07-17T17:26:54.265Z" },
    { url = "https://files.pythonhosted.org/packages/64/f4/e3cd7f7bda646526f09693e2e02bd83d85fff8a8222c52cf9681c0d30843/ruff-0.12.4-py3-none-manylinux_2_17_x86_64.manylinux2014_x86_64.whl", hash = "sha256:2abc48f3d9667fdc74022380b5c745873499ff827393a636f7a59da1515e7c57", size = 11277890, upload-time = "2025-07-17T17:26:56.914Z" },
    { url = "https://files.pythonhosted.org/packages/5e/d0/69a85fb8b94501ff1a4f95b7591505e8983f38823da6941eb5b6badb1e3a/ruff-0.12.4-py3-none-musllinux_1_2_aarch64.whl", hash = "sha256:2b2449dc0c138d877d629bea151bee8c0ae3b8e9c43f5fcaafcd0c0d0726b184", size = 10348539, upload-time = "2025-07-17T17:26:59.381Z" },
    { url = "https://files.pythonhosted.org/packages/16/a0/91372d1cb1678f7d42d4893b88c252b01ff1dffcad09ae0c51aa2542275f/ruff-0.12.4-py3-none-musllinux_1_2_armv7l.whl", hash = "sha256:56e45bb11f625db55f9b70477062e6a1a04d53628eda7784dce6e0f55fd549eb", size = 10009579, upload-time = "2025-07-17T17:27:02.462Z" },
    { url = "https://files.pythonhosted.org/packages/23/1b/c4a833e3114d2cc0f677e58f1df6c3b20f62328dbfa710b87a1636a5e8eb/ruff-0.12.4-py3-none-musllinux_1_2_i686.whl", hash = "sha256:478fccdb82ca148a98a9ff43658944f7ab5ec41c3c49d77cd99d44da019371a1", size = 10942982, upload-time = "2025-07-17T17:27:05.343Z" },
    { url = "https://files.pythonhosted.org/packages/ff/ce/ce85e445cf0a5dd8842f2f0c6f0018eedb164a92bdf3eda51984ffd4d989/ruff-0.12.4-py3-none-musllinux_1_2_x86_64.whl", hash = "sha256:0fc426bec2e4e5f4c4f182b9d2ce6a75c85ba9bcdbe5c6f2a74fcb8df437df4b", size = 11343331, upload-time = "2025-07-17T17:27:08.652Z" },
    { url = "https://files.pythonhosted.org/packages/35/cf/441b7fc58368455233cfb5b77206c849b6dfb48b23de532adcc2e50ccc06/ruff-0.12.4-py3-none-win32.whl", hash = "sha256:4de27977827893cdfb1211d42d84bc180fceb7b72471104671c59be37041cf93", size = 10267904, upload-time = "2025-07-17T17:27:11.814Z" },
    { url = "https://files.pythonhosted.org/packages/ce/7e/20af4a0df5e1299e7368d5ea4350412226afb03d95507faae94c80f00afd/ruff-0.12.4-py3-none-win_amd64.whl", hash = "sha256:fe0b9e9eb23736b453143d72d2ceca5db323963330d5b7859d60d101147d461a", size = 11209038, upload-time = "2025-07-17T17:27:14.417Z" },
    { url = "https://files.pythonhosted.org/packages/11/02/8857d0dfb8f44ef299a5dfd898f673edefb71e3b533b3b9d2db4c832dd13/ruff-0.12.4-py3-none-win_arm64.whl", hash = "sha256:0618ec4442a83ab545e5b71202a5c0ed7791e8471435b94e655b570a5031a98e", size = 10469336, upload-time = "2025-07-17T17:27:16.913Z" },
]

[[package]]
name = "s3transfer"
version = "0.13.1"
source = { registry = "https://pypi.org/simple" }
dependencies = [
    { name = "botocore" },
]
sdist = { url = "https://files.pythonhosted.org/packages/6d/05/d52bf1e65044b4e5e27d4e63e8d1579dbdec54fce685908ae09bc3720030/s3transfer-0.13.1.tar.gz", hash = "sha256:c3fdba22ba1bd367922f27ec8032d6a1cf5f10c934fb5d68cf60fd5a23d936cf", size = 150589, upload-time = "2025-07-18T19:22:42.31Z" }
wheels = [
    { url = "https://files.pythonhosted.org/packages/6d/4f/d073e09df851cfa251ef7840007d04db3293a0482ce607d2b993926089be/s3transfer-0.13.1-py3-none-any.whl", hash = "sha256:a981aa7429be23fe6dfc13e80e4020057cbab622b08c0315288758d67cabc724", size = 85308, upload-time = "2025-07-18T19:22:40.947Z" },
]

[[package]]
name = "semver"
version = "3.0.4"
source = { registry = "https://pypi.org/simple" }
sdist = { url = "https://files.pythonhosted.org/packages/72/d1/d3159231aec234a59dd7d601e9dd9fe96f3afff15efd33c1070019b26132/semver-3.0.4.tar.gz", hash = "sha256:afc7d8c584a5ed0a11033af086e8af226a9c0b206f313e0301f8dd7b6b589602", size = 269730, upload-time = "2025-01-24T13:19:27.617Z" }
wheels = [
    { url = "https://files.pythonhosted.org/packages/a6/24/4d91e05817e92e3a61c8a21e08fd0f390f5301f1c448b137c57c4bc6e543/semver-3.0.4-py3-none-any.whl", hash = "sha256:9c824d87ba7f7ab4a1890799cec8596f15c1241cb473404ea1cb0c55e4b04746", size = 17912, upload-time = "2025-01-24T13:19:24.949Z" },
]

[[package]]
name = "six"
version = "1.17.0"
source = { registry = "https://pypi.org/simple" }
sdist = { url = "https://files.pythonhosted.org/packages/94/e7/b2c673351809dca68a0e064b6af791aa332cf192da575fd474ed7d6f16a2/six-1.17.0.tar.gz", hash = "sha256:ff70335d468e7eb6ec65b95b99d3a2836546063f63acc5171de367e834932a81", size = 34031, upload-time = "2024-12-04T17:35:28.174Z" }
wheels = [
    { url = "https://files.pythonhosted.org/packages/b7/ce/149a00dd41f10bc29e5921b496af8b574d8413afcd5e30dfa0ed46c2cc5e/six-1.17.0-py2.py3-none-any.whl", hash = "sha256:4721f391ed90541fddacab5acf947aa0d3dc7d27b2e1e8eda2be8970586c3274", size = 11050, upload-time = "2024-12-04T17:35:26.475Z" },
]

[[package]]
name = "types-awscrt"
version = "0.27.4"
source = { registry = "https://pypi.org/simple" }
sdist = { url = "https://files.pythonhosted.org/packages/94/95/02564024f8668feab6733a2c491005b5281b048b3d0573510622cbcd9fd4/types_awscrt-0.27.4.tar.gz", hash = "sha256:c019ba91a097e8a31d6948f6176ede1312963f41cdcacf82482ac877cbbcf390", size = 16941, upload-time = "2025-06-29T22:58:04.756Z" }
wheels = [
    { url = "https://files.pythonhosted.org/packages/d4/40/cb4d04df4ac3520858f5b397a4ab89f34be2601000002a26edd8ddc0cac5/types_awscrt-0.27.4-py3-none-any.whl", hash = "sha256:a8c4b9d9ae66d616755c322aba75ab9bd793c6fef448917e6de2e8b8cdf66fb4", size = 39626, upload-time = "2025-06-29T22:58:03.157Z" },
]

[[package]]
name = "types-s3transfer"
version = "0.13.0"
source = { registry = "https://pypi.org/simple" }
sdist = { url = "https://files.pythonhosted.org/packages/42/c1/45038f259d6741c252801044e184fec4dbaeff939a58f6160d7c32bf4975/types_s3transfer-0.13.0.tar.gz", hash = "sha256:203dadcb9865c2f68fb44bc0440e1dc05b79197ba4a641c0976c26c9af75ef52", size = 14175, upload-time = "2025-05-28T02:16:07.614Z" }
wheels = [
    { url = "https://files.pythonhosted.org/packages/c8/5d/6bbe4bf6a79fb727945291aef88b5ecbdba857a603f1bbcf1a6be0d3f442/types_s3transfer-0.13.0-py3-none-any.whl", hash = "sha256:79c8375cbf48a64bff7654c02df1ec4b20d74f8c5672fc13e382f593ca5565b3", size = 19588, upload-time = "2025-05-28T02:16:06.709Z" },
]

[[package]]
name = "urllib3"
version = "2.5.0"
source = { registry = "https://pypi.org/simple" }
sdist = { url = "https://files.pythonhosted.org/packages/15/22/9ee70a2574a4f4599c47dd506532914ce044817c7752a79b6a51286319bc/urllib3-2.5.0.tar.gz", hash = "sha256:3fc47733c7e419d4bc3f6b3dc2b4f890bb743906a30d56ba4a5bfa4bbff92760", size = 393185, upload-time = "2025-06-18T14:07:41.644Z" }
wheels = [
    { url = "https://files.pythonhosted.org/packages/a7/c2/fe1e52489ae3122415c51f387e221dd0773709bad6c6cdaa599e8a2c5185/urllib3-2.5.0-py3-none-any.whl", hash = "sha256:e6b01673c0fa6a13e374b50871808eb3bf7046c4b125b216f6bf1cc604cff0dc", size = 129795, upload-time = "2025-06-18T14:07:40.39Z" },
]

[[package]]
name = "wcwidth"
version = "0.2.13"
source = { registry = "https://pypi.org/simple" }
sdist = { url = "https://files.pythonhosted.org/packages/6c/63/53559446a878410fc5a5974feb13d31d78d752eb18aeba59c7fef1af7598/wcwidth-0.2.13.tar.gz", hash = "sha256:72ea0c06399eb286d978fdedb6923a9eb47e1c486ce63e9b4e64fc18303972b5", size = 101301, upload-time = "2024-01-06T02:10:57.829Z" }
wheels = [
    { url = "https://files.pythonhosted.org/packages/fd/84/fd2ba7aafacbad3c4201d395674fc6348826569da3c0937e75505ead3528/wcwidth-0.2.13-py2.py3-none-any.whl", hash = "sha256:3da69048e4540d84af32131829ff948f1e022c1c6bdb8d6102117aac784f6859", size = 34166, upload-time = "2024-01-06T02:10:55.763Z" },
]
